PODS:
  - CocoaLumberjack (2.0.1):
    - CocoaLumberjack/Default (= 2.0.1)
    - CocoaLumberjack/Extensions (= 2.0.1)
  - CocoaLumberjack/Core (2.0.1)
  - CocoaLumberjack/Default (2.0.1):
    - CocoaLumberjack/Core
  - CocoaLumberjack/Extensions (2.0.1):
    - CocoaLumberjack/Default
  - libjingle_peerconnection (9814.2.0)
  - SocketRocket (0.4.1)

DEPENDENCIES:
  - CocoaLumberjack
  - libjingle_peerconnection (~> 9814.2.0)
  - SocketRocket (~> 0.4.1)

SPEC CHECKSUMS:
  CocoaLumberjack: 019d1361244274a6138c788c6cb80baabc13fb8f
  libjingle_peerconnection: f03d6c0532595e8b9b233eccea68ad344e0395ac
  SocketRocket: ee0b5c34182d37bb4f1f8d628bbe737718126daa

COCOAPODS: 0.39.0
