// !$*UTF8*$!
{
	archiveVersion = 1;
	classes = {
	};
	objectVersion = 46;
	objects = {

/* Begin PBXBuildFile section */
		4A29E1731C5A0FD70068FEE5 /* NBMError.h in Headers */ = {isa = PBXBuildFile; fileRef = 4A29E1711C5A0FD70068FEE5 /* NBMError.h */; };
		4A29E1741C5A0FD70068FEE5 /* NBMError.m in Sources */ = {isa = PBXBuildFile; fileRef = 4A29E1721C5A0FD70068FEE5 /* NBMError.m */; };
		4A29E1761C5A13D30068FEE5 /* WebRTC.h in Headers */ = {isa = PBXBuildFile; fileRef = 4A29E1751C5A13D30068FEE5 /* WebRTC.h */; settings = {ATTRIBUTES = (Public, ); }; };
		4A29E1791C5A31AE0068FEE5 /* JSON-RPC.h in Headers */ = {isa = PBXBuildFile; fileRef = 4A29E1781C5A31AE0068FEE5 /* JSON-RPC.h */; settings = {ATTRIBUTES = (Public, ); }; };
		4A29E17B1C5A339D0068FEE5 /* Room.h in Headers */ = {isa = PBXBuildFile; fileRef = 4A29E17A1C5A339D0068FEE5 /* Room.h */; settings = {ATTRIBUTES = (Public, ); }; };
		4A29E17D1C5A33E50068FEE5 /* Tree.h in Headers */ = {isa = PBXBuildFile; fileRef = 4A29E17C1C5A33E50068FEE5 /* Tree.h */; settings = {ATTRIBUTES = (Public, ); }; };
		4A2FE7281C74C25B00EF198F /* RTCMediaStream+Configuration.h in Headers */ = {isa = PBXBuildFile; fileRef = 4AD22D201C643313002C1038 /* RTCMediaStream+Configuration.h */; };
		4A3BBFFA1C0CA34E00D9887F /* NBMMediaConfiguration.h in Headers */ = {isa = PBXBuildFile; fileRef = 4A3BBFF81C0CA34E00D9887F /* NBMMediaConfiguration.h */; settings = {ATTRIBUTES = (Public, ); }; };
		4A3BBFFB1C0CA34E00D9887F /* NBMMediaConfiguration.m in Sources */ = {isa = PBXBuildFile; fileRef = 4A3BBFF91C0CA34E00D9887F /* NBMMediaConfiguration.m */; };
		4A46BC3B1BE3E2A1009E0FBE /* NBMPeerConnection.h in Headers */ = {isa = PBXBuildFile; fileRef = 4AA551691BDF7D0B002152AB /* NBMPeerConnection.h */; settings = {ATTRIBUTES = (Public, ); }; };
		4A46BC3C1BE3E2A5009E0FBE /* NBMPeerConnection.m in Sources */ = {isa = PBXBuildFile; fileRef = 4AA5516A1BDF7D0B002152AB /* NBMPeerConnection.m */; };
		4A46BC3D1BE3E2A8009E0FBE /* NBMWebRTCPeer.h in Headers */ = {isa = PBXBuildFile; fileRef = 4AD6003F1BB43E01003124FD /* NBMWebRTCPeer.h */; settings = {ATTRIBUTES = (Public, ); }; };
		4A46BC3E1BE3E2AC009E0FBE /* NBMWebRTCPeer.m in Sources */ = {isa = PBXBuildFile; fileRef = 4AD600401BB43E01003124FD /* NBMWebRTCPeer.m */; };
		4A46BC3F1BE3E2B2009E0FBE /* NBMJSONRPCConstants.h in Headers */ = {isa = PBXBuildFile; fileRef = 4A0C9E891BD8DFCE00F4F7F0 /* NBMJSONRPCConstants.h */; };
		4A46BC401BE3E2B6009E0FBE /* NBMMessage.h in Headers */ = {isa = PBXBuildFile; fileRef = 4AD6002E1BB3F54B003124FD /* NBMMessage.h */; settings = {ATTRIBUTES = (Public, ); }; };
		4A46BC421BE3E2BD009E0FBE /* NBMRequest.h in Headers */ = {isa = PBXBuildFile; fileRef = 4AD600331BB3F79D003124FD /* NBMRequest.h */; settings = {ATTRIBUTES = (Public, ); }; };
		4A46BC431BE3E2C1009E0FBE /* NBMRequest.m in Sources */ = {isa = PBXBuildFile; fileRef = 4AD600341BB3F79D003124FD /* NBMRequest.m */; };
		4A46BC451BE3E2C6009E0FBE /* NBMResponse.h in Headers */ = {isa = PBXBuildFile; fileRef = 4AD600371BB3FDA6003124FD /* NBMResponse.h */; settings = {ATTRIBUTES = (Public, ); }; };
		4A46BC461BE3E2CA009E0FBE /* NBMResponse.m in Sources */ = {isa = PBXBuildFile; fileRef = 4AD600381BB3FDA6003124FD /* NBMResponse.m */; };
		4A46BC471BE3E2CD009E0FBE /* NBMJSONRPCClient.h in Headers */ = {isa = PBXBuildFile; fileRef = 4A7113871BD4F196003AEF5C /* NBMJSONRPCClient.h */; settings = {ATTRIBUTES = (Public, ); }; };
		4A46BC481BE3E2D1009E0FBE /* NBMJSONRPCClient.m in Sources */ = {isa = PBXBuildFile; fileRef = 4A7113881BD4F196003AEF5C /* NBMJSONRPCClient.m */; };
		4A46BC501BE3E2E5009E0FBE /* KurentoToolbox.h in Headers */ = {isa = PBXBuildFile; fileRef = 4A4D6F851BAC3EF9001DB874 /* KurentoToolbox.h */; settings = {ATTRIBUTES = (Public, ); }; };
		4A4F0C9B1C15C7B000CD30A1 /* NBMRoomError.h in Headers */ = {isa = PBXBuildFile; fileRef = 4A4F0C991C15C7B000CD30A1 /* NBMRoomError.h */; };
		4A4F0C9C1C15C7B000CD30A1 /* NBMRoomError.m in Sources */ = {isa = PBXBuildFile; fileRef = 4A4F0C9A1C15C7B000CD30A1 /* NBMRoomError.m */; };
		4A4F0C9F1C15CF8300CD30A1 /* NBMJSONRPCError.h in Headers */ = {isa = PBXBuildFile; fileRef = 4A4F0C9D1C15CF8300CD30A1 /* NBMJSONRPCError.h */; };
		4A4F0CA01C15CF8300CD30A1 /* NBMJSONRPCError.m in Sources */ = {isa = PBXBuildFile; fileRef = 4A4F0C9E1C15CF8300CD30A1 /* NBMJSONRPCError.m */; };
		4A4F0CA31C15D08300CD30A1 /* NBMRoomConstants.h in Headers */ = {isa = PBXBuildFile; fileRef = 4A4F0CA11C15D08300CD30A1 /* NBMRoomConstants.h */; };
		4A4F0CA41C15D08300CD30A1 /* NBMRoomConstants.m in Sources */ = {isa = PBXBuildFile; fileRef = 4A4F0CA21C15D08300CD30A1 /* NBMRoomConstants.m */; };
		4A4F0CA61C15D0DC00CD30A1 /* NBMJSONRPCConstants.m in Sources */ = {isa = PBXBuildFile; fileRef = 4A4F0CA51C15D0DC00CD30A1 /* NBMJSONRPCConstants.m */; };
		4A4F0CA91C18384C00CD30A1 /* NBMRoomClientDelegate.h in Headers */ = {isa = PBXBuildFile; fileRef = 4A4F0CA71C18384C00CD30A1 /* NBMRoomClientDelegate.h */; settings = {ATTRIBUTES = (Public, ); }; };
		4A4F0CAF1C201E3600CD30A1 /* NBMRoomClientError.h in Headers */ = {isa = PBXBuildFile; fileRef = 4A4F0CAD1C201E3600CD30A1 /* NBMRoomClientError.h */; };
		4A4F0CB01C201E3600CD30A1 /* NBMRoomClientError.m in Sources */ = {isa = PBXBuildFile; fileRef = 4A4F0CAE1C201E3600CD30A1 /* NBMRoomClientError.m */; };
		4A4F0CB31C2025E900CD30A1 /* NBMJSONRPCClientError.h in Headers */ = {isa = PBXBuildFile; fileRef = 4A4F0CB11C2025E900CD30A1 /* NBMJSONRPCClientError.h */; };
		4A4F0CB41C2025E900CD30A1 /* NBMJSONRPCClientError.m in Sources */ = {isa = PBXBuildFile; fileRef = 4A4F0CB21C2025E900CD30A1 /* NBMJSONRPCClientError.m */; };
		4A4F0CB71C20327D00CD30A1 /* NBMJSONRPCClientDelegate.h in Headers */ = {isa = PBXBuildFile; fileRef = 4A4F0CB51C20327D00CD30A1 /* NBMJSONRPCClientDelegate.h */; settings = {ATTRIBUTES = (Public, ); }; };
		4A4F0D181C22C2C300CD30A1 /* NBMLog.h in Headers */ = {isa = PBXBuildFile; fileRef = 4A4F0D151C22C2C300CD30A1 /* NBMLog.h */; };
		4A4F0D191C22C2C300CD30A1 /* NBMJSONRPCUtilities.h in Headers */ = {isa = PBXBuildFile; fileRef = 4A4F0D161C22C2C300CD30A1 /* NBMJSONRPCUtilities.h */; };
		4A4F0D1A1C22C2C300CD30A1 /* NBMJSONRPCUtilities.m in Sources */ = {isa = PBXBuildFile; fileRef = 4A4F0D171C22C2C300CD30A1 /* NBMJSONRPCUtilities.m */; };
		4A6E88D81C0EFC2D000A8EE9 /* NBMRenderer.h in Headers */ = {isa = PBXBuildFile; fileRef = 4A6E88D71C0EFC2D000A8EE9 /* NBMRenderer.h */; settings = {ATTRIBUTES = (Public, ); }; };
		4A6E88DD1C10542D000A8EE9 /* Foundation.framework in Frameworks */ = {isa = PBXBuildFile; fileRef = 4A6E88DC1C10542D000A8EE9 /* Foundation.framework */; };
		4A6E88DF1C105435000A8EE9 /* UIKit.framework in Frameworks */ = {isa = PBXBuildFile; fileRef = 4A6E88DE1C105435000A8EE9 /* UIKit.framework */; };
		4A6E88E21C105657000A8EE9 /* NBMRoomClient.h in Headers */ = {isa = PBXBuildFile; fileRef = 4A6E88E01C105657000A8EE9 /* NBMRoomClient.h */; settings = {ATTRIBUTES = (Public, ); }; };
		4A6E88E31C105657000A8EE9 /* NBMRoomClient.m in Sources */ = {isa = PBXBuildFile; fileRef = 4A6E88E11C105657000A8EE9 /* NBMRoomClient.m */; };
		4A6E88E61C10629F000A8EE9 /* NBMRoom.h in Headers */ = {isa = PBXBuildFile; fileRef = 4A6E88E41C10629F000A8EE9 /* NBMRoom.h */; settings = {ATTRIBUTES = (Public, ); }; };
		4A6E88E71C10629F000A8EE9 /* NBMRoom.m in Sources */ = {isa = PBXBuildFile; fileRef = 4A6E88E51C10629F000A8EE9 /* NBMRoom.m */; };
		4A6E88EA1C10637B000A8EE9 /* NBMPeer.h in Headers */ = {isa = PBXBuildFile; fileRef = 4A6E88E81C10637B000A8EE9 /* NBMPeer.h */; settings = {ATTRIBUTES = (Public, ); }; };
		4A6E88EB1C10637B000A8EE9 /* NBMPeer.m in Sources */ = {isa = PBXBuildFile; fileRef = 4A6E88E91C10637B000A8EE9 /* NBMPeer.m */; };
		4AD22D231C643313002C1038 /* RTCMediaStream+Configuration.m in Sources */ = {isa = PBXBuildFile; fileRef = 4AD22D211C643313002C1038 /* RTCMediaStream+Configuration.m */; };
		4AE438FF1BF4ABD0001882E5 /* NBMSessionDescriptionFactory.m in Sources */ = {isa = PBXBuildFile; fileRef = 4AE438FD1BF4ABD0001882E5 /* NBMSessionDescriptionFactory.m */; };
		4AE439001BF4ABD1001882E5 /* NBMSessionDescriptionFactory.h in Headers */ = {isa = PBXBuildFile; fileRef = 4AE438FE1BF4ABD0001882E5 /* NBMSessionDescriptionFactory.h */; };
		4AE439031BF4ABEE001882E5 /* NBMResponse+Private.h in Headers */ = {isa = PBXBuildFile; fileRef = 4AE439011BF4ABEE001882E5 /* NBMResponse+Private.h */; };
		4AE439041BF4ABEE001882E5 /* NBMRequest+Private.h in Headers */ = {isa = PBXBuildFile; fileRef = 4AE439021BF4ABEE001882E5 /* NBMRequest+Private.h */; };
		4AE439091BF4AC14001882E5 /* NBMTimeoutable.m in Sources */ = {isa = PBXBuildFile; fileRef = 4AE439051BF4AC14001882E5 /* NBMTimeoutable.m */; };
		4AE4390A1BF4AC14001882E5 /* NBMTimeoutable.h in Headers */ = {isa = PBXBuildFile; fileRef = 4AE439061BF4AC14001882E5 /* NBMTimeoutable.h */; };
		4AE4390B1BF4AC14001882E5 /* NBMTransportChannel.m in Sources */ = {isa = PBXBuildFile; fileRef = 4AE439071BF4AC14001882E5 /* NBMTransportChannel.m */; };
		4AE4390C1BF4AC14001882E5 /* NBMTransportChannel.h in Headers */ = {isa = PBXBuildFile; fileRef = 4AE439081BF4AC14001882E5 /* NBMTransportChannel.h */; };
		4AE8C9C61C47B71200A87D8A /* NBMEAGLRenderer.h in Headers */ = {isa = PBXBuildFile; fileRef = 4AE8C9C41C47B71200A87D8A /* NBMEAGLRenderer.h */; settings = {ATTRIBUTES = (Public, ); }; };
		4AE8C9C71C47B71200A87D8A /* NBMEAGLRenderer.m in Sources */ = {isa = PBXBuildFile; fileRef = 4AE8C9C51C47B71200A87D8A /* NBMEAGLRenderer.m */; };
		4AE8C9CA1C47B83700A87D8A /* NBMEAGLVideoViewContainer.h in Headers */ = {isa = PBXBuildFile; fileRef = 4AE8C9C81C47B83700A87D8A /* NBMEAGLVideoViewContainer.h */; settings = {ATTRIBUTES = (Public, ); }; };
		4AE8C9CB1C47B83700A87D8A /* NBMEAGLVideoViewContainer.m in Sources */ = {isa = PBXBuildFile; fileRef = 4AE8C9C91C47B83700A87D8A /* NBMEAGLVideoViewContainer.m */; };
		4AE8C9CF1C4E506100A87D8A /* NBMTreeClient.h in Headers */ = {isa = PBXBuildFile; fileRef = 4AE8C9CD1C4E506100A87D8A /* NBMTreeClient.h */; settings = {ATTRIBUTES = (Public, ); }; };
		4AE8C9D01C4E506100A87D8A /* NBMTreeClient.m in Sources */ = {isa = PBXBuildFile; fileRef = 4AE8C9CE1C4E506100A87D8A /* NBMTreeClient.m */; };
		4AE8C9E51C4E752900A87D8A /* NBMTreeEndpoint.h in Headers */ = {isa = PBXBuildFile; fileRef = 4AE8C9E31C4E752900A87D8A /* NBMTreeEndpoint.h */; settings = {ATTRIBUTES = (Public, ); }; };
		4AE8C9E61C4E752900A87D8A /* NBMTreeEndpoint.m in Sources */ = {isa = PBXBuildFile; fileRef = 4AE8C9E41C4E752900A87D8A /* NBMTreeEndpoint.m */; };
		4AE8C9E81C4E780B00A87D8A /* NBMTreeClientDelegate.h in Headers */ = {isa = PBXBuildFile; fileRef = 4AE8C9E71C4E780B00A87D8A /* NBMTreeClientDelegate.h */; settings = {ATTRIBUTES = (Public, ); }; };
		4AE8C9EB1C4FD83300A87D8A /* NBMTreeClientError.h in Headers */ = {isa = PBXBuildFile; fileRef = 4AE8C9E91C4FD83200A87D8A /* NBMTreeClientError.h */; };
		4AE8C9EC1C4FD83300A87D8A /* NBMTreeClientError.m in Sources */ = {isa = PBXBuildFile; fileRef = 4AE8C9EA1C4FD83200A87D8A /* NBMTreeClientError.m */; };
		4AE8C9ED1C514DB300A87D8A /* NBMTypes.h in Headers */ = {isa = PBXBuildFile; fileRef = 4A6E88D91C0F0068000A8EE9 /* NBMTypes.h */; settings = {ATTRIBUTES = (Public, ); }; };
		4AF48D611BECEFFA004E4AD2 /* KurentoToolbox.framework in Frameworks */ = {isa = PBXBuildFile; fileRef = 4A46BC211BE3DF79009E0FBE /* KurentoToolbox.framework */; };
		564D8A0B1D18485500676AAC /* WebRTC.framework in Frameworks */ = {isa = PBXBuildFile; fileRef = 564D8A0A1D18485500676AAC /* WebRTC.framework */; };
		564D8A141D1942C300676AAC /* libPods-KurentoToolbox-Static.a in Frameworks */ = {isa = PBXBuildFile; fileRef = 564D8A131D1942C300676AAC /* libPods-KurentoToolbox-Static.a */; };
		CF748A736A49BD58460593DD /* libPods-KurentoToolbox-Tests.a in Frameworks */ = {isa = PBXBuildFile; fileRef = 7BDE223912EC939E9DA6EBE1 /* libPods-KurentoToolbox-Tests.a */; };
/* End PBXBuildFile section */

/* Begin PBXContainerItemProxy section */
		4AF48D621BECEFFA004E4AD2 /* PBXContainerItemProxy */ = {
			isa = PBXContainerItemProxy;
			containerPortal = 4A4884881BAC39A30093D90D /* Project object */;
			proxyType = 1;
			remoteGlobalIDString = 4A46BC201BE3DF79009E0FBE;
			remoteInfo = KurentoToolbox;
		};
/* End PBXContainerItemProxy section */

/* Begin PBXFileReference section */
		4A0C9E891BD8DFCE00F4F7F0 /* NBMJSONRPCConstants.h */ = {isa = PBXFileReference; fileEncoding = 4; lastKnownFileType = sourcecode.c.h; lineEnding = 0; path = NBMJSONRPCConstants.h; sourceTree = "<group>"; xcLanguageSpecificationIdentifier = xcode.lang.objcpp; };
		4A133A4F1BE1204A0095B168 /* KurentoToolbox.h */ = {isa = PBXFileReference; lastKnownFileType = sourcecode.c.h; lineEnding = 0; path = KurentoToolbox.h; sourceTree = "<group>"; xcLanguageSpecificationIdentifier = xcode.lang.objcpp; };
		4A29E1711C5A0FD70068FEE5 /* NBMError.h */ = {isa = PBXFileReference; fileEncoding = 4; lastKnownFileType = sourcecode.c.h; lineEnding = 0; path = NBMError.h; sourceTree = "<group>"; };
		4A29E1721C5A0FD70068FEE5 /* NBMError.m */ = {isa = PBXFileReference; fileEncoding = 4; lastKnownFileType = sourcecode.c.objc; lineEnding = 0; path = NBMError.m; sourceTree = "<group>"; xcLanguageSpecificationIdentifier = xcode.lang.objc; };
		4A29E1751C5A13D30068FEE5 /* WebRTC.h */ = {isa = PBXFileReference; fileEncoding = 4; lastKnownFileType = sourcecode.c.h; lineEnding = 0; path = WebRTC.h; sourceTree = "<group>"; xcLanguageSpecificationIdentifier = xcode.lang.objcpp; };
		4A29E1781C5A31AE0068FEE5 /* JSON-RPC.h */ = {isa = PBXFileReference; fileEncoding = 4; lastKnownFileType = sourcecode.c.h; lineEnding = 0; path = "JSON-RPC.h"; sourceTree = "<group>"; xcLanguageSpecificationIdentifier = xcode.lang.objcpp; };
		4A29E17A1C5A339D0068FEE5 /* Room.h */ = {isa = PBXFileReference; fileEncoding = 4; lastKnownFileType = sourcecode.c.h; path = Room.h; sourceTree = "<group>"; };
		4A29E17C1C5A33E50068FEE5 /* Tree.h */ = {isa = PBXFileReference; fileEncoding = 4; lastKnownFileType = sourcecode.c.h; name = Tree.h; path = Tree/Tree.h; sourceTree = "<group>"; };
		4A3BBFF81C0CA34E00D9887F /* NBMMediaConfiguration.h */ = {isa = PBXFileReference; fileEncoding = 4; lastKnownFileType = sourcecode.c.h; lineEnding = 0; path = NBMMediaConfiguration.h; sourceTree = "<group>"; };
		4A3BBFF91C0CA34E00D9887F /* NBMMediaConfiguration.m */ = {isa = PBXFileReference; fileEncoding = 4; lastKnownFileType = sourcecode.c.objc; path = NBMMediaConfiguration.m; sourceTree = "<group>"; };
		4A46BC191BE3DF61009E0FBE /* Kurento-Library.xcconfig */ = {isa = PBXFileReference; lastKnownFileType = text.xcconfig; lineEnding = 0; name = "Kurento-Library.xcconfig"; path = "Config/Kurento-Library.xcconfig"; sourceTree = SOURCE_ROOT; xcLanguageSpecificationIdentifier = xcode.lang.xcconfig; };
		4A46BC1B1BE3DF61009E0FBE /* Kurento-Project.xcconfig */ = {isa = PBXFileReference; lastKnownFileType = text.xcconfig; lineEnding = 0; name = "Kurento-Project.xcconfig"; path = "Config/Kurento-Project.xcconfig"; sourceTree = SOURCE_ROOT; xcLanguageSpecificationIdentifier = xcode.lang.xcconfig; };
		4A46BC211BE3DF79009E0FBE /* KurentoToolbox.framework */ = {isa = PBXFileReference; explicitFileType = wrapper.framework; includeInIndex = 0; path = KurentoToolbox.framework; sourceTree = BUILT_PRODUCTS_DIR; };
		4A46BC511BE3E691009E0FBE /* Kurento-Library-Debug.xcconfig */ = {isa = PBXFileReference; lastKnownFileType = text.xcconfig; lineEnding = 0; name = "Kurento-Library-Debug.xcconfig"; path = "Config/Kurento-Library-Debug.xcconfig"; sourceTree = SOURCE_ROOT; xcLanguageSpecificationIdentifier = xcode.lang.xcconfig; };
		4A46BC521BE3E6A9009E0FBE /* Kurento-Library-Release.xcconfig */ = {isa = PBXFileReference; lastKnownFileType = text.xcconfig; lineEnding = 0; name = "Kurento-Library-Release.xcconfig"; path = "Config/Kurento-Library-Release.xcconfig"; sourceTree = SOURCE_ROOT; xcLanguageSpecificationIdentifier = xcode.lang.xcconfig; };
		4A4D6F841BAC3EF9001DB874 /* Info.plist */ = {isa = PBXFileReference; fileEncoding = 4; lastKnownFileType = text.plist.xml; path = Info.plist; sourceTree = "<group>"; };
		4A4D6F851BAC3EF9001DB874 /* KurentoToolbox.h */ = {isa = PBXFileReference; fileEncoding = 4; lastKnownFileType = sourcecode.c.h; lineEnding = 0; path = KurentoToolbox.h; sourceTree = "<group>"; xcLanguageSpecificationIdentifier = xcode.lang.objcpp; };
		4A4F0C8F1C158B5300CD30A1 /* CoreMedia.framework */ = {isa = PBXFileReference; lastKnownFileType = wrapper.framework; name = CoreMedia.framework; path = System/Library/Frameworks/CoreMedia.framework; sourceTree = SDKROOT; };
		4A4F0C991C15C7B000CD30A1 /* NBMRoomError.h */ = {isa = PBXFileReference; fileEncoding = 4; lastKnownFileType = sourcecode.c.h; path = NBMRoomError.h; sourceTree = "<group>"; };
		4A4F0C9A1C15C7B000CD30A1 /* NBMRoomError.m */ = {isa = PBXFileReference; fileEncoding = 4; lastKnownFileType = sourcecode.c.objc; path = NBMRoomError.m; sourceTree = "<group>"; };
		4A4F0C9D1C15CF8300CD30A1 /* NBMJSONRPCError.h */ = {isa = PBXFileReference; fileEncoding = 4; lastKnownFileType = sourcecode.c.h; lineEnding = 0; name = NBMJSONRPCError.h; path = Internals/NBMJSONRPCError.h; sourceTree = "<group>"; xcLanguageSpecificationIdentifier = xcode.lang.objcpp; };
		4A4F0C9E1C15CF8300CD30A1 /* NBMJSONRPCError.m */ = {isa = PBXFileReference; fileEncoding = 4; lastKnownFileType = sourcecode.c.objc; lineEnding = 0; name = NBMJSONRPCError.m; path = Internals/NBMJSONRPCError.m; sourceTree = "<group>"; xcLanguageSpecificationIdentifier = xcode.lang.objc; };
		4A4F0CA11C15D08300CD30A1 /* NBMRoomConstants.h */ = {isa = PBXFileReference; fileEncoding = 4; lastKnownFileType = sourcecode.c.h; path = NBMRoomConstants.h; sourceTree = "<group>"; };
		4A4F0CA21C15D08300CD30A1 /* NBMRoomConstants.m */ = {isa = PBXFileReference; fileEncoding = 4; lastKnownFileType = sourcecode.c.objc; path = NBMRoomConstants.m; sourceTree = "<group>"; };
		4A4F0CA51C15D0DC00CD30A1 /* NBMJSONRPCConstants.m */ = {isa = PBXFileReference; fileEncoding = 4; lastKnownFileType = sourcecode.c.objc; lineEnding = 0; path = NBMJSONRPCConstants.m; sourceTree = "<group>"; xcLanguageSpecificationIdentifier = xcode.lang.objc; };
		4A4F0CA71C18384C00CD30A1 /* NBMRoomClientDelegate.h */ = {isa = PBXFileReference; fileEncoding = 4; lastKnownFileType = sourcecode.c.h; path = NBMRoomClientDelegate.h; sourceTree = "<group>"; };
		4A4F0CAD1C201E3600CD30A1 /* NBMRoomClientError.h */ = {isa = PBXFileReference; fileEncoding = 4; lastKnownFileType = sourcecode.c.h; name = NBMRoomClientError.h; path = Internals/NBMRoomClientError.h; sourceTree = "<group>"; };
		4A4F0CAE1C201E3600CD30A1 /* NBMRoomClientError.m */ = {isa = PBXFileReference; fileEncoding = 4; lastKnownFileType = sourcecode.c.objc; name = NBMRoomClientError.m; path = Internals/NBMRoomClientError.m; sourceTree = "<group>"; };
		4A4F0CB11C2025E900CD30A1 /* NBMJSONRPCClientError.h */ = {isa = PBXFileReference; fileEncoding = 4; lastKnownFileType = sourcecode.c.h; lineEnding = 0; name = NBMJSONRPCClientError.h; path = Internals/NBMJSONRPCClientError.h; sourceTree = "<group>"; };
		4A4F0CB21C2025E900CD30A1 /* NBMJSONRPCClientError.m */ = {isa = PBXFileReference; fileEncoding = 4; lastKnownFileType = sourcecode.c.objc; lineEnding = 0; name = NBMJSONRPCClientError.m; path = Internals/NBMJSONRPCClientError.m; sourceTree = "<group>"; xcLanguageSpecificationIdentifier = xcode.lang.objc; };
		4A4F0CB51C20327D00CD30A1 /* NBMJSONRPCClientDelegate.h */ = {isa = PBXFileReference; fileEncoding = 4; lastKnownFileType = sourcecode.c.h; lineEnding = 0; path = NBMJSONRPCClientDelegate.h; sourceTree = "<group>"; xcLanguageSpecificationIdentifier = xcode.lang.objcpp; };
		4A4F0D151C22C2C300CD30A1 /* NBMLog.h */ = {isa = PBXFileReference; fileEncoding = 4; lastKnownFileType = sourcecode.c.h; path = NBMLog.h; sourceTree = "<group>"; };
		4A4F0D161C22C2C300CD30A1 /* NBMJSONRPCUtilities.h */ = {isa = PBXFileReference; fileEncoding = 4; lastKnownFileType = sourcecode.c.h; name = NBMJSONRPCUtilities.h; path = Internals/NBMJSONRPCUtilities.h; sourceTree = "<group>"; };
		4A4F0D171C22C2C300CD30A1 /* NBMJSONRPCUtilities.m */ = {isa = PBXFileReference; fileEncoding = 4; lastKnownFileType = sourcecode.c.objc; name = NBMJSONRPCUtilities.m; path = Internals/NBMJSONRPCUtilities.m; sourceTree = "<group>"; };
		4A6E88D71C0EFC2D000A8EE9 /* NBMRenderer.h */ = {isa = PBXFileReference; fileEncoding = 4; lastKnownFileType = sourcecode.c.h; path = NBMRenderer.h; sourceTree = "<group>"; };
		4A6E88D91C0F0068000A8EE9 /* NBMTypes.h */ = {isa = PBXFileReference; lastKnownFileType = sourcecode.c.h; path = NBMTypes.h; sourceTree = "<group>"; };
		4A6E88DC1C10542D000A8EE9 /* Foundation.framework */ = {isa = PBXFileReference; lastKnownFileType = wrapper.framework; name = Foundation.framework; path = System/Library/Frameworks/Foundation.framework; sourceTree = SDKROOT; };
		4A6E88DE1C105435000A8EE9 /* UIKit.framework */ = {isa = PBXFileReference; lastKnownFileType = wrapper.framework; name = UIKit.framework; path = System/Library/Frameworks/UIKit.framework; sourceTree = SDKROOT; };
		4A6E88E01C105657000A8EE9 /* NBMRoomClient.h */ = {isa = PBXFileReference; fileEncoding = 4; lastKnownFileType = sourcecode.c.h; path = NBMRoomClient.h; sourceTree = "<group>"; };
		4A6E88E11C105657000A8EE9 /* NBMRoomClient.m */ = {isa = PBXFileReference; fileEncoding = 4; lastKnownFileType = sourcecode.c.objc; path = NBMRoomClient.m; sourceTree = "<group>"; };
		4A6E88E41C10629F000A8EE9 /* NBMRoom.h */ = {isa = PBXFileReference; fileEncoding = 4; lastKnownFileType = sourcecode.c.h; path = NBMRoom.h; sourceTree = "<group>"; };
		4A6E88E51C10629F000A8EE9 /* NBMRoom.m */ = {isa = PBXFileReference; fileEncoding = 4; lastKnownFileType = sourcecode.c.objc; path = NBMRoom.m; sourceTree = "<group>"; };
		4A6E88E81C10637B000A8EE9 /* NBMPeer.h */ = {isa = PBXFileReference; fileEncoding = 4; lastKnownFileType = sourcecode.c.h; path = NBMPeer.h; sourceTree = "<group>"; };
		4A6E88E91C10637B000A8EE9 /* NBMPeer.m */ = {isa = PBXFileReference; fileEncoding = 4; lastKnownFileType = sourcecode.c.objc; path = NBMPeer.m; sourceTree = "<group>"; };
		4A7113871BD4F196003AEF5C /* NBMJSONRPCClient.h */ = {isa = PBXFileReference; fileEncoding = 4; lastKnownFileType = sourcecode.c.h; lineEnding = 0; path = NBMJSONRPCClient.h; sourceTree = "<group>"; };
		4A7113881BD4F196003AEF5C /* NBMJSONRPCClient.m */ = {isa = PBXFileReference; fileEncoding = 4; lastKnownFileType = sourcecode.c.objc; lineEnding = 0; path = NBMJSONRPCClient.m; sourceTree = "<group>"; };
		4AA551691BDF7D0B002152AB /* NBMPeerConnection.h */ = {isa = PBXFileReference; fileEncoding = 4; lastKnownFileType = sourcecode.c.h; path = NBMPeerConnection.h; sourceTree = "<group>"; };
		4AA5516A1BDF7D0B002152AB /* NBMPeerConnection.m */ = {isa = PBXFileReference; fileEncoding = 4; lastKnownFileType = sourcecode.c.objc; path = NBMPeerConnection.m; sourceTree = "<group>"; };
		4AA551731BDFD8E2002152AB /* Kurento-Prefix.pch */ = {isa = PBXFileReference; lastKnownFileType = sourcecode.c.h; lineEnding = 0; path = "Kurento-Prefix.pch"; sourceTree = "<group>"; xcLanguageSpecificationIdentifier = xcode.lang.objc; };
		4ACB2C761BE929D600E8E017 /* RTCAudioSource.h */ = {isa = PBXFileReference; lastKnownFileType = sourcecode.c.h; path = RTCAudioSource.h; sourceTree = "<group>"; };
		4ACB2C771BE929D600E8E017 /* RTCAudioTrack.h */ = {isa = PBXFileReference; lastKnownFileType = sourcecode.c.h; path = RTCAudioTrack.h; sourceTree = "<group>"; };
		4ACB2C781BE929D600E8E017 /* RTCAVFoundationVideoSource.h */ = {isa = PBXFileReference; lastKnownFileType = sourcecode.c.h; path = RTCAVFoundationVideoSource.h; sourceTree = "<group>"; };
		4ACB2C791BE929D600E8E017 /* RTCDataChannel.h */ = {isa = PBXFileReference; lastKnownFileType = sourcecode.c.h; path = RTCDataChannel.h; sourceTree = "<group>"; };
		4ACB2C7A1BE929D600E8E017 /* RTCEAGLVideoView.h */ = {isa = PBXFileReference; lastKnownFileType = sourcecode.c.h; path = RTCEAGLVideoView.h; sourceTree = "<group>"; };
		4ACB2C7B1BE929D600E8E017 /* RTCFileLogger.h */ = {isa = PBXFileReference; lastKnownFileType = sourcecode.c.h; path = RTCFileLogger.h; sourceTree = "<group>"; };
		4ACB2C7C1BE929D600E8E017 /* RTCI420Frame.h */ = {isa = PBXFileReference; lastKnownFileType = sourcecode.c.h; path = RTCI420Frame.h; sourceTree = "<group>"; };
		4ACB2C7D1BE929D600E8E017 /* RTCICECandidate.h */ = {isa = PBXFileReference; lastKnownFileType = sourcecode.c.h; path = RTCICECandidate.h; sourceTree = "<group>"; };
		4ACB2C7E1BE929D600E8E017 /* RTCICEServer.h */ = {isa = PBXFileReference; lastKnownFileType = sourcecode.c.h; path = RTCICEServer.h; sourceTree = "<group>"; };
		4ACB2C7F1BE929D600E8E017 /* RTCLogging.h */ = {isa = PBXFileReference; lastKnownFileType = sourcecode.c.h; path = RTCLogging.h; sourceTree = "<group>"; };
		4ACB2C801BE929D600E8E017 /* RTCMediaConstraints.h */ = {isa = PBXFileReference; lastKnownFileType = sourcecode.c.h; path = RTCMediaConstraints.h; sourceTree = "<group>"; };
		4ACB2C811BE929D600E8E017 /* RTCMediaSource.h */ = {isa = PBXFileReference; lastKnownFileType = sourcecode.c.h; path = RTCMediaSource.h; sourceTree = "<group>"; };
		4ACB2C821BE929D600E8E017 /* RTCMediaStream.h */ = {isa = PBXFileReference; lastKnownFileType = sourcecode.c.h; path = RTCMediaStream.h; sourceTree = "<group>"; };
		4ACB2C831BE929D600E8E017 /* RTCMediaStreamTrack.h */ = {isa = PBXFileReference; lastKnownFileType = sourcecode.c.h; path = RTCMediaStreamTrack.h; sourceTree = "<group>"; };
		4ACB2C841BE929D600E8E017 /* RTCNSGLVideoView.h */ = {isa = PBXFileReference; lastKnownFileType = sourcecode.c.h; path = RTCNSGLVideoView.h; sourceTree = "<group>"; };
		4ACB2C851BE929D600E8E017 /* RTCOpenGLVideoRenderer.h */ = {isa = PBXFileReference; lastKnownFileType = sourcecode.c.h; path = RTCOpenGLVideoRenderer.h; sourceTree = "<group>"; };
		4ACB2C861BE929D600E8E017 /* RTCPair.h */ = {isa = PBXFileReference; lastKnownFileType = sourcecode.c.h; path = RTCPair.h; sourceTree = "<group>"; };
		4ACB2C871BE929D600E8E017 /* RTCPeerConnection.h */ = {isa = PBXFileReference; lastKnownFileType = sourcecode.c.h; path = RTCPeerConnection.h; sourceTree = "<group>"; };
		4ACB2C881BE929D600E8E017 /* RTCPeerConnectionDelegate.h */ = {isa = PBXFileReference; lastKnownFileType = sourcecode.c.h; path = RTCPeerConnectionDelegate.h; sourceTree = "<group>"; };
		4ACB2C891BE929D600E8E017 /* RTCPeerConnectionFactory.h */ = {isa = PBXFileReference; lastKnownFileType = sourcecode.c.h; path = RTCPeerConnectionFactory.h; sourceTree = "<group>"; };
		4ACB2C8A1BE929D600E8E017 /* RTCPeerConnectionInterface.h */ = {isa = PBXFileReference; lastKnownFileType = sourcecode.c.h; path = RTCPeerConnectionInterface.h; sourceTree = "<group>"; };
		4ACB2C8B1BE929D600E8E017 /* RTCSessionDescription.h */ = {isa = PBXFileReference; lastKnownFileType = sourcecode.c.h; path = RTCSessionDescription.h; sourceTree = "<group>"; };
		4ACB2C8C1BE929D600E8E017 /* RTCSessionDescriptionDelegate.h */ = {isa = PBXFileReference; lastKnownFileType = sourcecode.c.h; path = RTCSessionDescriptionDelegate.h; sourceTree = "<group>"; };
		4ACB2C8D1BE929D600E8E017 /* RTCStatsDelegate.h */ = {isa = PBXFileReference; lastKnownFileType = sourcecode.c.h; path = RTCStatsDelegate.h; sourceTree = "<group>"; };
		4ACB2C8E1BE929D600E8E017 /* RTCStatsReport.h */ = {isa = PBXFileReference; lastKnownFileType = sourcecode.c.h; path = RTCStatsReport.h; sourceTree = "<group>"; };
		4ACB2C8F1BE929D600E8E017 /* RTCTypes.h */ = {isa = PBXFileReference; lastKnownFileType = sourcecode.c.h; path = RTCTypes.h; sourceTree = "<group>"; };
		4ACB2C901BE929D600E8E017 /* RTCVideoCapturer.h */ = {isa = PBXFileReference; lastKnownFileType = sourcecode.c.h; path = RTCVideoCapturer.h; sourceTree = "<group>"; };
		4ACB2C911BE929D600E8E017 /* RTCVideoRenderer.h */ = {isa = PBXFileReference; lastKnownFileType = sourcecode.c.h; path = RTCVideoRenderer.h; sourceTree = "<group>"; };
		4ACB2C921BE929D600E8E017 /* RTCVideoSource.h */ = {isa = PBXFileReference; lastKnownFileType = sourcecode.c.h; path = RTCVideoSource.h; sourceTree = "<group>"; };
		4ACB2C931BE929D600E8E017 /* RTCVideoTrack.h */ = {isa = PBXFileReference; lastKnownFileType = sourcecode.c.h; path = RTCVideoTrack.h; sourceTree = "<group>"; };
		4AD22D201C643313002C1038 /* RTCMediaStream+Configuration.h */ = {isa = PBXFileReference; fileEncoding = 4; lastKnownFileType = sourcecode.c.h; name = "RTCMediaStream+Configuration.h"; path = "Internals/RTCMediaStream+Configuration.h"; sourceTree = "<group>"; };
		4AD22D211C643313002C1038 /* RTCMediaStream+Configuration.m */ = {isa = PBXFileReference; fileEncoding = 4; lastKnownFileType = sourcecode.c.objc; name = "RTCMediaStream+Configuration.m"; path = "Internals/RTCMediaStream+Configuration.m"; sourceTree = "<group>"; };
		4AD6002E1BB3F54B003124FD /* NBMMessage.h */ = {isa = PBXFileReference; fileEncoding = 4; lastKnownFileType = sourcecode.c.h; path = NBMMessage.h; sourceTree = "<group>"; };
		4AD600331BB3F79D003124FD /* NBMRequest.h */ = {isa = PBXFileReference; fileEncoding = 4; lastKnownFileType = sourcecode.c.h; path = NBMRequest.h; sourceTree = "<group>"; };
		4AD600341BB3F79D003124FD /* NBMRequest.m */ = {isa = PBXFileReference; fileEncoding = 4; lastKnownFileType = sourcecode.c.objc; lineEnding = 0; path = NBMRequest.m; sourceTree = "<group>"; };
		4AD600371BB3FDA6003124FD /* NBMResponse.h */ = {isa = PBXFileReference; fileEncoding = 4; lastKnownFileType = sourcecode.c.h; path = NBMResponse.h; sourceTree = "<group>"; };
		4AD600381BB3FDA6003124FD /* NBMResponse.m */ = {isa = PBXFileReference; fileEncoding = 4; lastKnownFileType = sourcecode.c.objc; path = NBMResponse.m; sourceTree = "<group>"; };
		4AD6003F1BB43E01003124FD /* NBMWebRTCPeer.h */ = {isa = PBXFileReference; fileEncoding = 4; lastKnownFileType = sourcecode.c.h; path = NBMWebRTCPeer.h; sourceTree = "<group>"; };
		4AD600401BB43E01003124FD /* NBMWebRTCPeer.m */ = {isa = PBXFileReference; fileEncoding = 4; lastKnownFileType = sourcecode.c.objc; path = NBMWebRTCPeer.m; sourceTree = "<group>"; };
		4AE438FD1BF4ABD0001882E5 /* NBMSessionDescriptionFactory.m */ = {isa = PBXFileReference; fileEncoding = 4; lastKnownFileType = sourcecode.c.objc; name = NBMSessionDescriptionFactory.m; path = Internals/NBMSessionDescriptionFactory.m; sourceTree = "<group>"; };
		4AE438FE1BF4ABD0001882E5 /* NBMSessionDescriptionFactory.h */ = {isa = PBXFileReference; fileEncoding = 4; lastKnownFileType = sourcecode.c.h; name = NBMSessionDescriptionFactory.h; path = Internals/NBMSessionDescriptionFactory.h; sourceTree = "<group>"; };
		4AE439011BF4ABEE001882E5 /* NBMResponse+Private.h */ = {isa = PBXFileReference; fileEncoding = 4; lastKnownFileType = sourcecode.c.h; name = "NBMResponse+Private.h"; path = "Internals/NBMResponse+Private.h"; sourceTree = "<group>"; };
		4AE439021BF4ABEE001882E5 /* NBMRequest+Private.h */ = {isa = PBXFileReference; fileEncoding = 4; lastKnownFileType = sourcecode.c.h; name = "NBMRequest+Private.h"; path = "Internals/NBMRequest+Private.h"; sourceTree = "<group>"; };
		4AE439051BF4AC14001882E5 /* NBMTimeoutable.m */ = {isa = PBXFileReference; fileEncoding = 4; lastKnownFileType = sourcecode.c.objc; name = NBMTimeoutable.m; path = Internals/NBMTimeoutable.m; sourceTree = "<group>"; };
		4AE439061BF4AC14001882E5 /* NBMTimeoutable.h */ = {isa = PBXFileReference; fileEncoding = 4; lastKnownFileType = sourcecode.c.h; name = NBMTimeoutable.h; path = Internals/NBMTimeoutable.h; sourceTree = "<group>"; };
		4AE439071BF4AC14001882E5 /* NBMTransportChannel.m */ = {isa = PBXFileReference; fileEncoding = 4; lastKnownFileType = sourcecode.c.objc; name = NBMTransportChannel.m; path = Internals/NBMTransportChannel.m; sourceTree = "<group>"; };
		4AE439081BF4AC14001882E5 /* NBMTransportChannel.h */ = {isa = PBXFileReference; fileEncoding = 4; lastKnownFileType = sourcecode.c.h; name = NBMTransportChannel.h; path = Internals/NBMTransportChannel.h; sourceTree = "<group>"; };
		4AE8C9C41C47B71200A87D8A /* NBMEAGLRenderer.h */ = {isa = PBXFileReference; fileEncoding = 4; lastKnownFileType = sourcecode.c.h; lineEnding = 0; path = NBMEAGLRenderer.h; sourceTree = "<group>"; };
		4AE8C9C51C47B71200A87D8A /* NBMEAGLRenderer.m */ = {isa = PBXFileReference; fileEncoding = 4; lastKnownFileType = sourcecode.c.objc; lineEnding = 0; path = NBMEAGLRenderer.m; sourceTree = "<group>"; };
		4AE8C9C81C47B83700A87D8A /* NBMEAGLVideoViewContainer.h */ = {isa = PBXFileReference; fileEncoding = 4; lastKnownFileType = sourcecode.c.h; lineEnding = 0; path = NBMEAGLVideoViewContainer.h; sourceTree = "<group>"; };
		4AE8C9C91C47B83700A87D8A /* NBMEAGLVideoViewContainer.m */ = {isa = PBXFileReference; fileEncoding = 4; lastKnownFileType = sourcecode.c.objc; lineEnding = 0; path = NBMEAGLVideoViewContainer.m; sourceTree = "<group>"; };
		4AE8C9CD1C4E506100A87D8A /* NBMTreeClient.h */ = {isa = PBXFileReference; fileEncoding = 4; lastKnownFileType = sourcecode.c.h; name = NBMTreeClient.h; path = Tree/NBMTreeClient.h; sourceTree = "<group>"; };
		4AE8C9CE1C4E506100A87D8A /* NBMTreeClient.m */ = {isa = PBXFileReference; fileEncoding = 4; lastKnownFileType = sourcecode.c.objc; name = NBMTreeClient.m; path = Tree/NBMTreeClient.m; sourceTree = "<group>"; };
		4AE8C9E31C4E752900A87D8A /* NBMTreeEndpoint.h */ = {isa = PBXFileReference; fileEncoding = 4; lastKnownFileType = sourcecode.c.h; name = NBMTreeEndpoint.h; path = Tree/NBMTreeEndpoint.h; sourceTree = "<group>"; };
		4AE8C9E41C4E752900A87D8A /* NBMTreeEndpoint.m */ = {isa = PBXFileReference; fileEncoding = 4; lastKnownFileType = sourcecode.c.objc; name = NBMTreeEndpoint.m; path = Tree/NBMTreeEndpoint.m; sourceTree = "<group>"; };
		4AE8C9E71C4E780B00A87D8A /* NBMTreeClientDelegate.h */ = {isa = PBXFileReference; fileEncoding = 4; lastKnownFileType = sourcecode.c.h; name = NBMTreeClientDelegate.h; path = Tree/NBMTreeClientDelegate.h; sourceTree = "<group>"; };
		4AE8C9E91C4FD83200A87D8A /* NBMTreeClientError.h */ = {isa = PBXFileReference; fileEncoding = 4; lastKnownFileType = sourcecode.c.h; name = NBMTreeClientError.h; path = Tree/Internals/NBMTreeClientError.h; sourceTree = "<group>"; };
		4AE8C9EA1C4FD83200A87D8A /* NBMTreeClientError.m */ = {isa = PBXFileReference; fileEncoding = 4; lastKnownFileType = sourcecode.c.objc; name = NBMTreeClientError.m; path = Tree/Internals/NBMTreeClientError.m; sourceTree = "<group>"; };
		4AF48D5C1BECEFFA004E4AD2 /* KurentoToolbox-Tests.xctest */ = {isa = PBXFileReference; explicitFileType = wrapper.cfbundle; includeInIndex = 0; path = "KurentoToolbox-Tests.xctest"; sourceTree = BUILT_PRODUCTS_DIR; };
		4AF48D601BECEFFA004E4AD2 /* Info.plist */ = {isa = PBXFileReference; lastKnownFileType = text.plist.xml; path = Info.plist; sourceTree = "<group>"; };
		564D8A0A1D18485500676AAC /* WebRTC.framework */ = {isa = PBXFileReference; lastKnownFileType = wrapper.framework; path = WebRTC.framework; sourceTree = "<group>"; };
		564D8A131D1942C300676AAC /* libPods-KurentoToolbox-Static.a */ = {isa = PBXFileReference; lastKnownFileType = archive.ar; name = "libPods-KurentoToolbox-Static.a"; path = "Pods/../build/Debug-iphoneos/libPods-KurentoToolbox-Static.a"; sourceTree = "<group>"; };
		7BDE223912EC939E9DA6EBE1 /* libPods-KurentoToolbox-Tests.a */ = {isa = PBXFileReference; explicitFileType = archive.ar; includeInIndex = 0; path = "libPods-KurentoToolbox-Tests.a"; sourceTree = BUILT_PRODUCTS_DIR; };
		8A44AD8017DB368676764B11 /* libPods-KurentoToolbox-Static.a */ = {isa = PBXFileReference; explicitFileType = archive.ar; includeInIndex = 0; path = "libPods-KurentoToolbox-Static.a"; sourceTree = BUILT_PRODUCTS_DIR; };
		D0C7C1936F109C5D3E1CFA64 /* Pods-KurentoToolbox-Tests.debug.xcconfig */ = {isa = PBXFileReference; includeInIndex = 1; lastKnownFileType = text.xcconfig; name = "Pods-KurentoToolbox-Tests.debug.xcconfig"; path = "Pods/Target Support Files/Pods-KurentoToolbox-Tests/Pods-KurentoToolbox-Tests.debug.xcconfig"; sourceTree = "<group>"; };
		FC0644359EAD1857DA6D37FA /* Pods-KurentoToolbox-Tests.release.xcconfig */ = {isa = PBXFileReference; includeInIndex = 1; lastKnownFileType = text.xcconfig; name = "Pods-KurentoToolbox-Tests.release.xcconfig"; path = "Pods/Target Support Files/Pods-KurentoToolbox-Tests/Pods-KurentoToolbox-Tests.release.xcconfig"; sourceTree = "<group>"; };
/* End PBXFileReference section */

/* Begin PBXFrameworksBuildPhase section */
		4A46BC1D1BE3DF79009E0FBE /* Frameworks */ = {
			isa = PBXFrameworksBuildPhase;
			buildActionMask = 2147483647;
			files = (
				564D8A0B1D18485500676AAC /* WebRTC.framework in Frameworks */,
				4A6E88DF1C105435000A8EE9 /* UIKit.framework in Frameworks */,
				4A6E88DD1C10542D000A8EE9 /* Foundation.framework in Frameworks */,
				564D8A141D1942C300676AAC /* libPods-KurentoToolbox-Static.a in Frameworks */,
			);
			runOnlyForDeploymentPostprocessing = 0;
		};
		4AF48D591BECEFFA004E4AD2 /* Frameworks */ = {
			isa = PBXFrameworksBuildPhase;
			buildActionMask = 2147483647;
			files = (
				4AF48D611BECEFFA004E4AD2 /* KurentoToolbox.framework in Frameworks */,
				CF748A736A49BD58460593DD /* libPods-KurentoToolbox-Tests.a in Frameworks */,
			);
			runOnlyForDeploymentPostprocessing = 0;
		};
/* End PBXFrameworksBuildPhase section */

/* Begin PBXGroup section */
		4A133A4E1BE11CFB0095B168 /* Utils */ = {
			isa = PBXGroup;
			children = (
				4A4F0D151C22C2C300CD30A1 /* NBMLog.h */,
				4A29E1711C5A0FD70068FEE5 /* NBMError.h */,
				4A29E1721C5A0FD70068FEE5 /* NBMError.m */,
			);
			path = Utils;
			sourceTree = "<group>";
		};
		4A46BC181BE3DF24009E0FBE /* Configurations */ = {
			isa = PBXGroup;
			children = (
				4A46BC1B1BE3DF61009E0FBE /* Kurento-Project.xcconfig */,
				4A46BC191BE3DF61009E0FBE /* Kurento-Library.xcconfig */,
				4A46BC511BE3E691009E0FBE /* Kurento-Library-Debug.xcconfig */,
				4A46BC521BE3E6A9009E0FBE /* Kurento-Library-Release.xcconfig */,
			);
			name = Configurations;
			path = Classes;
			sourceTree = "<group>";
		};
		4A4884871BAC39A30093D90D = {
			isa = PBXGroup;
			children = (
				4A4884931BAC39A30093D90D /* KurentoToolbox */,
				4AF48D5D1BECEFFA004E4AD2 /* KurentoToolboxTests */,
				4A4884921BAC39A30093D90D /* Products */,
				57E6D7257CD8864A20150082 /* Frameworks */,
				4A46BC181BE3DF24009E0FBE /* Configurations */,
				4B45C54B52CF91D28AD17F86 /* Pods */,
			);
			sourceTree = "<group>";
		};
		4A4884921BAC39A30093D90D /* Products */ = {
			isa = PBXGroup;
			children = (
				4A46BC211BE3DF79009E0FBE /* KurentoToolbox.framework */,
				4AF48D5C1BECEFFA004E4AD2 /* KurentoToolbox-Tests.xctest */,
			);
			name = Products;
			sourceTree = "<group>";
		};
		4A4884931BAC39A30093D90D /* KurentoToolbox */ = {
			isa = PBXGroup;
			children = (
				4A133A4F1BE1204A0095B168 /* KurentoToolbox.h */,
				4A6E88DB1C0F338F000A8EE9 /* WebRTC */,
				4AA5516E1BDF926C002152AB /* JSON-RPC */,
				4A6E88DA1C0F3374000A8EE9 /* Room */,
				4AE8C9CC1C4E502E00A87D8A /* Tree */,
				4A133A4E1BE11CFB0095B168 /* Utils */,
				4ACB2C751BE929D600E8E017 /* libjingle_peerconnection headers */,
				4A4D6F881BAC403A001DB874 /* Supporting Files */,
			);
			name = KurentoToolbox;
			path = Classes;
			sourceTree = "<group>";
		};
		4A4D6F881BAC403A001DB874 /* Supporting Files */ = {
			isa = PBXGroup;
			children = (
				4A4D6F851BAC3EF9001DB874 /* KurentoToolbox.h */,
				4AA551731BDFD8E2002152AB /* Kurento-Prefix.pch */,
				4A4D6F841BAC3EF9001DB874 /* Info.plist */,
			);
			name = "Supporting Files";
			path = ../Framework;
			sourceTree = "<group>";
		};
		4A6E88DA1C0F3374000A8EE9 /* Room */ = {
			isa = PBXGroup;
			children = (
				4A29E17A1C5A339D0068FEE5 /* Room.h */,
				4A4F0CA71C18384C00CD30A1 /* NBMRoomClientDelegate.h */,
				4A6E88E01C105657000A8EE9 /* NBMRoomClient.h */,
				4A6E88E11C105657000A8EE9 /* NBMRoomClient.m */,
				4A4F0CAD1C201E3600CD30A1 /* NBMRoomClientError.h */,
				4A4F0CAE1C201E3600CD30A1 /* NBMRoomClientError.m */,
				4A6E88E41C10629F000A8EE9 /* NBMRoom.h */,
				4A6E88E51C10629F000A8EE9 /* NBMRoom.m */,
				4A6E88E81C10637B000A8EE9 /* NBMPeer.h */,
				4A6E88E91C10637B000A8EE9 /* NBMPeer.m */,
				4A4F0C991C15C7B000CD30A1 /* NBMRoomError.h */,
				4A4F0C9A1C15C7B000CD30A1 /* NBMRoomError.m */,
				4A4F0CA11C15D08300CD30A1 /* NBMRoomConstants.h */,
				4A4F0CA21C15D08300CD30A1 /* NBMRoomConstants.m */,
			);
			path = Room;
			sourceTree = "<group>";
		};
		4A6E88DB1C0F338F000A8EE9 /* WebRTC */ = {
			isa = PBXGroup;
			children = (
				4A29E1751C5A13D30068FEE5 /* WebRTC.h */,
				4A6E88D71C0EFC2D000A8EE9 /* NBMRenderer.h */,
				4A6E88D91C0F0068000A8EE9 /* NBMTypes.h */,
				4AE438FE1BF4ABD0001882E5 /* NBMSessionDescriptionFactory.h */,
				4AE438FD1BF4ABD0001882E5 /* NBMSessionDescriptionFactory.m */,
				4AA551691BDF7D0B002152AB /* NBMPeerConnection.h */,
				4AA5516A1BDF7D0B002152AB /* NBMPeerConnection.m */,
				4A3BBFF81C0CA34E00D9887F /* NBMMediaConfiguration.h */,
				4A3BBFF91C0CA34E00D9887F /* NBMMediaConfiguration.m */,
				4AD6003F1BB43E01003124FD /* NBMWebRTCPeer.h */,
				4AD600401BB43E01003124FD /* NBMWebRTCPeer.m */,
				4AE8C9C41C47B71200A87D8A /* NBMEAGLRenderer.h */,
				4AE8C9C51C47B71200A87D8A /* NBMEAGLRenderer.m */,
				4AE8C9C81C47B83700A87D8A /* NBMEAGLVideoViewContainer.h */,
				4AE8C9C91C47B83700A87D8A /* NBMEAGLVideoViewContainer.m */,
				4AD22D201C643313002C1038 /* RTCMediaStream+Configuration.h */,
				4AD22D211C643313002C1038 /* RTCMediaStream+Configuration.m */,
			);
			path = WebRTC;
			sourceTree = "<group>";
		};
		4AA5516E1BDF926C002152AB /* JSON-RPC */ = {
			isa = PBXGroup;
			children = (
				4A29E1781C5A31AE0068FEE5 /* JSON-RPC.h */,
				4AD600321BB3F765003124FD /* Message */,
				4A7113871BD4F196003AEF5C /* NBMJSONRPCClient.h */,
				4A7113881BD4F196003AEF5C /* NBMJSONRPCClient.m */,
				4A4F0CB51C20327D00CD30A1 /* NBMJSONRPCClientDelegate.h */,
				4A4F0CB11C2025E900CD30A1 /* NBMJSONRPCClientError.h */,
				4A4F0CB21C2025E900CD30A1 /* NBMJSONRPCClientError.m */,
				4AE439061BF4AC14001882E5 /* NBMTimeoutable.h */,
				4AE439051BF4AC14001882E5 /* NBMTimeoutable.m */,
				4AE439081BF4AC14001882E5 /* NBMTransportChannel.h */,
				4AE439071BF4AC14001882E5 /* NBMTransportChannel.m */,
				4A4F0D161C22C2C300CD30A1 /* NBMJSONRPCUtilities.h */,
				4A4F0D171C22C2C300CD30A1 /* NBMJSONRPCUtilities.m */,
			);
			path = "JSON-RPC";
			sourceTree = "<group>";
		};
		4ACB2C751BE929D600E8E017 /* libjingle_peerconnection headers */ = {
			isa = PBXGroup;
			children = (
				4ACB2C761BE929D600E8E017 /* RTCAudioSource.h */,
				4ACB2C771BE929D600E8E017 /* RTCAudioTrack.h */,
				4ACB2C781BE929D600E8E017 /* RTCAVFoundationVideoSource.h */,
				4ACB2C791BE929D600E8E017 /* RTCDataChannel.h */,
				4ACB2C7A1BE929D600E8E017 /* RTCEAGLVideoView.h */,
				4ACB2C7B1BE929D600E8E017 /* RTCFileLogger.h */,
				4ACB2C7C1BE929D600E8E017 /* RTCI420Frame.h */,
				4ACB2C7D1BE929D600E8E017 /* RTCICECandidate.h */,
				4ACB2C7E1BE929D600E8E017 /* RTCICEServer.h */,
				4ACB2C7F1BE929D600E8E017 /* RTCLogging.h */,
				4ACB2C801BE929D600E8E017 /* RTCMediaConstraints.h */,
				4ACB2C811BE929D600E8E017 /* RTCMediaSource.h */,
				4ACB2C821BE929D600E8E017 /* RTCMediaStream.h */,
				4ACB2C831BE929D600E8E017 /* RTCMediaStreamTrack.h */,
				4ACB2C841BE929D600E8E017 /* RTCNSGLVideoView.h */,
				4ACB2C851BE929D600E8E017 /* RTCOpenGLVideoRenderer.h */,
				4ACB2C861BE929D600E8E017 /* RTCPair.h */,
				4ACB2C871BE929D600E8E017 /* RTCPeerConnection.h */,
				4ACB2C881BE929D600E8E017 /* RTCPeerConnectionDelegate.h */,
				4ACB2C891BE929D600E8E017 /* RTCPeerConnectionFactory.h */,
				4ACB2C8A1BE929D600E8E017 /* RTCPeerConnectionInterface.h */,
				4ACB2C8B1BE929D600E8E017 /* RTCSessionDescription.h */,
				4ACB2C8C1BE929D600E8E017 /* RTCSessionDescriptionDelegate.h */,
				4ACB2C8D1BE929D600E8E017 /* RTCStatsDelegate.h */,
				4ACB2C8E1BE929D600E8E017 /* RTCStatsReport.h */,
				4ACB2C8F1BE929D600E8E017 /* RTCTypes.h */,
				4ACB2C901BE929D600E8E017 /* RTCVideoCapturer.h */,
				4ACB2C911BE929D600E8E017 /* RTCVideoRenderer.h */,
				4ACB2C921BE929D600E8E017 /* RTCVideoSource.h */,
				4ACB2C931BE929D600E8E017 /* RTCVideoTrack.h */,
			);
			name = "libjingle_peerconnection headers";
			path = ../Pods/Headers/Public/libjingle_peerconnection;
			sourceTree = "<group>";
		};
		4AD600321BB3F765003124FD /* Message */ = {
			isa = PBXGroup;
			children = (
				4A0C9E891BD8DFCE00F4F7F0 /* NBMJSONRPCConstants.h */,
				4A4F0CA51C15D0DC00CD30A1 /* NBMJSONRPCConstants.m */,
				4AD6002E1BB3F54B003124FD /* NBMMessage.h */,
				4AE439021BF4ABEE001882E5 /* NBMRequest+Private.h */,
				4AD600331BB3F79D003124FD /* NBMRequest.h */,
				4AD600341BB3F79D003124FD /* NBMRequest.m */,
				4AE439011BF4ABEE001882E5 /* NBMResponse+Private.h */,
				4AD600371BB3FDA6003124FD /* NBMResponse.h */,
				4AD600381BB3FDA6003124FD /* NBMResponse.m */,
				4A4F0C9D1C15CF8300CD30A1 /* NBMJSONRPCError.h */,
				4A4F0C9E1C15CF8300CD30A1 /* NBMJSONRPCError.m */,
			);
			name = Message;
			sourceTree = "<group>";
		};
		4AE8C9CC1C4E502E00A87D8A /* Tree */ = {
			isa = PBXGroup;
			children = (
				4A29E17C1C5A33E50068FEE5 /* Tree.h */,
				4AE8C9E91C4FD83200A87D8A /* NBMTreeClientError.h */,
				4AE8C9EA1C4FD83200A87D8A /* NBMTreeClientError.m */,
				4AE8C9E31C4E752900A87D8A /* NBMTreeEndpoint.h */,
				4AE8C9E41C4E752900A87D8A /* NBMTreeEndpoint.m */,
				4AE8C9E71C4E780B00A87D8A /* NBMTreeClientDelegate.h */,
				4AE8C9CD1C4E506100A87D8A /* NBMTreeClient.h */,
				4AE8C9CE1C4E506100A87D8A /* NBMTreeClient.m */,
			);
			name = Tree;
			sourceTree = "<group>";
		};
		4AF48D5D1BECEFFA004E4AD2 /* KurentoToolboxTests */ = {
			isa = PBXGroup;
			children = (
				4AF48D601BECEFFA004E4AD2 /* Info.plist */,
			);
			path = KurentoToolboxTests;
			sourceTree = "<group>";
		};
		4B45C54B52CF91D28AD17F86 /* Pods */ = {
			isa = PBXGroup;
			children = (
				D0C7C1936F109C5D3E1CFA64 /* Pods-KurentoToolbox-Tests.debug.xcconfig */,
				FC0644359EAD1857DA6D37FA /* Pods-KurentoToolbox-Tests.release.xcconfig */,
			);
			name = Pods;
			sourceTree = "<group>";
		};
		57E6D7257CD8864A20150082 /* Frameworks */ = {
			isa = PBXGroup;
			children = (
				564D8A131D1942C300676AAC /* libPods-KurentoToolbox-Static.a */,
				564D8A0A1D18485500676AAC /* WebRTC.framework */,
				4A4F0C8F1C158B5300CD30A1 /* CoreMedia.framework */,
				4A6E88DE1C105435000A8EE9 /* UIKit.framework */,
				4A6E88DC1C10542D000A8EE9 /* Foundation.framework */,
				8A44AD8017DB368676764B11 /* libPods-KurentoToolbox-Static.a */,
				7BDE223912EC939E9DA6EBE1 /* libPods-KurentoToolbox-Tests.a */,
			);
			name = Frameworks;
			sourceTree = "<group>";
		};
/* End PBXGroup section */

/* Begin PBXHeadersBuildPhase section */
		4A46BC1E1BE3DF79009E0FBE /* Headers */ = {
			isa = PBXHeadersBuildPhase;
			buildActionMask = 2147483647;
			files = (
				4A46BC501BE3E2E5009E0FBE /* KurentoToolbox.h in Headers */,
				4A46BC3F1BE3E2B2009E0FBE /* NBMJSONRPCConstants.h in Headers */,
				4A46BC3D1BE3E2A8009E0FBE /* NBMWebRTCPeer.h in Headers */,
				4A46BC421BE3E2BD009E0FBE /* NBMRequest.h in Headers */,
				4A4F0CA91C18384C00CD30A1 /* NBMRoomClientDelegate.h in Headers */,
				4A6E88E21C105657000A8EE9 /* NBMRoomClient.h in Headers */,
				4A46BC451BE3E2C6009E0FBE /* NBMResponse.h in Headers */,
				4A29E1731C5A0FD70068FEE5 /* NBMError.h in Headers */,
				4A46BC401BE3E2B6009E0FBE /* NBMMessage.h in Headers */,
				4A46BC471BE3E2CD009E0FBE /* NBMJSONRPCClient.h in Headers */,
				4A6E88E61C10629F000A8EE9 /* NBMRoom.h in Headers */,
				4A46BC3B1BE3E2A1009E0FBE /* NBMPeerConnection.h in Headers */,
				4A4F0CAF1C201E3600CD30A1 /* NBMRoomClientError.h in Headers */,
				4AE8C9E81C4E780B00A87D8A /* NBMTreeClientDelegate.h in Headers */,
				4AE8C9ED1C514DB300A87D8A /* NBMTypes.h in Headers */,
				4AE8C9CA1C47B83700A87D8A /* NBMEAGLVideoViewContainer.h in Headers */,
				4A4F0CA31C15D08300CD30A1 /* NBMRoomConstants.h in Headers */,
				4AE8C9EB1C4FD83300A87D8A /* NBMTreeClientError.h in Headers */,
				4AE4390A1BF4AC14001882E5 /* NBMTimeoutable.h in Headers */,
				4A29E1761C5A13D30068FEE5 /* WebRTC.h in Headers */,
				4A3BBFFA1C0CA34E00D9887F /* NBMMediaConfiguration.h in Headers */,
				4AE8C9E51C4E752900A87D8A /* NBMTreeEndpoint.h in Headers */,
				4AE439031BF4ABEE001882E5 /* NBMResponse+Private.h in Headers */,
				4AE4390C1BF4AC14001882E5 /* NBMTransportChannel.h in Headers */,
				4A6E88D81C0EFC2D000A8EE9 /* NBMRenderer.h in Headers */,
				4A29E17B1C5A339D0068FEE5 /* Room.h in Headers */,
				4A4F0D181C22C2C300CD30A1 /* NBMLog.h in Headers */,
				4A4F0C9B1C15C7B000CD30A1 /* NBMRoomError.h in Headers */,
				4A4F0CB71C20327D00CD30A1 /* NBMJSONRPCClientDelegate.h in Headers */,
				4A4F0CB31C2025E900CD30A1 /* NBMJSONRPCClientError.h in Headers */,
				4A4F0D191C22C2C300CD30A1 /* NBMJSONRPCUtilities.h in Headers */,
				4AE439041BF4ABEE001882E5 /* NBMRequest+Private.h in Headers */,
				4A4F0C9F1C15CF8300CD30A1 /* NBMJSONRPCError.h in Headers */,
				4A6E88EA1C10637B000A8EE9 /* NBMPeer.h in Headers */,
				4AE439001BF4ABD1001882E5 /* NBMSessionDescriptionFactory.h in Headers */,
				4A2FE7281C74C25B00EF198F /* RTCMediaStream+Configuration.h in Headers */,
				4A29E1791C5A31AE0068FEE5 /* JSON-RPC.h in Headers */,
				4A29E17D1C5A33E50068FEE5 /* Tree.h in Headers */,
				4AE8C9CF1C4E506100A87D8A /* NBMTreeClient.h in Headers */,
				4AE8C9C61C47B71200A87D8A /* NBMEAGLRenderer.h in Headers */,
			);
			runOnlyForDeploymentPostprocessing = 0;
		};
/* End PBXHeadersBuildPhase section */

/* Begin PBXNativeTarget section */
		4A46BC201BE3DF79009E0FBE /* KurentoToolbox-Static */ = {
			isa = PBXNativeTarget;
			buildConfigurationList = 4A46BC321BE3DF7A009E0FBE /* Build configuration list for PBXNativeTarget "KurentoToolbox-Static" */;
			buildPhases = (
				D7127162DBD1234157B2592C /* [CP] Check Pods Manifest.lock */,
				4A46BC1C1BE3DF79009E0FBE /* Sources */,
				4A46BC1D1BE3DF79009E0FBE /* Frameworks */,
				4A46BC1E1BE3DF79009E0FBE /* Headers */,
				4A46BC1F1BE3DF79009E0FBE /* Resources */,
				4AE438FC1BF49EEE001882E5 /* Appledoc */,
				00B7B1E4654ECEB222B83919 /* [CP] Copy Pods Resources */,
			);
			buildRules = (
			);
			dependencies = (
			);
			name = "KurentoToolbox-Static";
			productName = KurentoToolbox;
			productReference = 4A46BC211BE3DF79009E0FBE /* KurentoToolbox.framework */;
			productType = "com.apple.product-type.framework";
		};
		4AF48D5B1BECEFFA004E4AD2 /* KurentoToolbox-Tests */ = {
			isa = PBXNativeTarget;
			buildConfigurationList = 4AF48D641BECEFFA004E4AD2 /* Build configuration list for PBXNativeTarget "KurentoToolbox-Tests" */;
			buildPhases = (
				D51A72AC073F02FF081D9157 /* [CP] Check Pods Manifest.lock */,
				4AF48D581BECEFFA004E4AD2 /* Sources */,
				4AF48D591BECEFFA004E4AD2 /* Frameworks */,
				4AF48D5A1BECEFFA004E4AD2 /* Resources */,
				FA93102E05645A386114EAA3 /* [CP] Embed Pods Frameworks */,
				ADD11EE09D6B269C6D8D3071 /* [CP] Copy Pods Resources */,
			);
			buildRules = (
			);
			dependencies = (
				4AF48D631BECEFFA004E4AD2 /* PBXTargetDependency */,
			);
			name = "KurentoToolbox-Tests";
			productName = KurentoToolboxTests;
			productReference = 4AF48D5C1BECEFFA004E4AD2 /* KurentoToolbox-Tests.xctest */;
			productType = "com.apple.product-type.bundle.unit-test";
		};
/* End PBXNativeTarget section */

/* Begin PBXProject section */
		4A4884881BAC39A30093D90D /* Project object */ = {
			isa = PBXProject;
			attributes = {
				CLASSPREFIX = NBM;
				LastUpgradeCheck = 0700;
				ORGANIZATIONNAME = "Telecom Italia S.p.A";
				TargetAttributes = {
					4A46BC201BE3DF79009E0FBE = {
						CreatedOnToolsVersion = 7.0.1;
					};
					4AF48D5B1BECEFFA004E4AD2 = {
						CreatedOnToolsVersion = 7.1;
					};
				};
			};
			buildConfigurationList = 4A48848B1BAC39A30093D90D /* Build configuration list for PBXProject "Kurento-iOS" */;
			compatibilityVersion = "Xcode 3.2";
			developmentRegion = English;
			hasScannedForEncodings = 0;
			knownRegions = (
				en,
				Base,
			);
			mainGroup = 4A4884871BAC39A30093D90D;
			productRefGroup = 4A4884921BAC39A30093D90D /* Products */;
			projectDirPath = "";
			projectRoot = "";
			targets = (
				4A46BC201BE3DF79009E0FBE /* KurentoToolbox-Static */,
				4AF48D5B1BECEFFA004E4AD2 /* KurentoToolbox-Tests */,
			);
		};
/* End PBXProject section */

/* Begin PBXResourcesBuildPhase section */
		4A46BC1F1BE3DF79009E0FBE /* Resources */ = {
			isa = PBXResourcesBuildPhase;
			buildActionMask = 2147483647;
			files = (
			);
			runOnlyForDeploymentPostprocessing = 0;
		};
		4AF48D5A1BECEFFA004E4AD2 /* Resources */ = {
			isa = PBXResourcesBuildPhase;
			buildActionMask = 2147483647;
			files = (
			);
			runOnlyForDeploymentPostprocessing = 0;
		};
/* End PBXResourcesBuildPhase section */

/* Begin PBXShellScriptBuildPhase section */
		00B7B1E4654ECEB222B83919 /* [CP] Copy Pods Resources */ = {
			isa = PBXShellScriptBuildPhase;
			buildActionMask = 2147483647;
			files = (
			);
			inputPaths = (
			);
			name = "[CP] Copy Pods Resources";
			outputPaths = (
			);
			runOnlyForDeploymentPostprocessing = 0;
			shellPath = /bin/sh;
			shellScript = "\"${SRCROOT}/Pods/Target Support Files/Pods-KurentoToolbox-Static/Pods-KurentoToolbox-Static-resources.sh\"\n";
			showEnvVarsInLog = 0;
		};
		4AE438FC1BF49EEE001882E5 /* Appledoc */ = {
			isa = PBXShellScriptBuildPhase;
			buildActionMask = 2147483647;
			files = (
			);
			inputPaths = (
			);
			name = Appledoc;
			outputPaths = (
			);
			runOnlyForDeploymentPostprocessing = 0;
			shellPath = /bin/sh;
			shellScript = "if [ ${CONFIGURATION} == \"Release\" ]; then\nAPPLEDOC_PATH=`which appledoc`\nif [ $APPLEDOC_PATH ]; then\n$APPLEDOC_PATH \\\n--project-name ${PRODUCT_NAME} \\\n--project-company \"Nubomedia TI\" \\\n--company-id \"it.nubomedia\" \\\n--output \"docs/\" \\\n--no-create-docset \\\n--logformat xcode \\\n--docset-platform-family iphoneos \\\n--keep-undocumented-objects \\\n--keep-undocumented-members \\\n--keep-intermediate-files \\\n--no-repeat-first-par \\\n--no-warn-invalid-crossref \\\n--explicit-crossref \\\n--exit-threshold 2 \\\n--ignore \"*.m\" \\\n--ignore \"Internals\" \\\n--ignore \"Utils\" \\\n\"${PROJECT_DIR}/Classes\"\nfi;\nfi";
		};
		ADD11EE09D6B269C6D8D3071 /* [CP] Copy Pods Resources */ = {
			isa = PBXShellScriptBuildPhase;
			buildActionMask = 2147483647;
			files = (
			);
			inputPaths = (
			);
			name = "[CP] Copy Pods Resources";
			outputPaths = (
			);
			runOnlyForDeploymentPostprocessing = 0;
			shellPath = /bin/sh;
			shellScript = "\"${SRCROOT}/Pods/Target Support Files/Pods-KurentoToolbox-Tests/Pods-KurentoToolbox-Tests-resources.sh\"\n";
			showEnvVarsInLog = 0;
		};
		D51A72AC073F02FF081D9157 /* [CP] Check Pods Manifest.lock */ = {
			isa = PBXShellScriptBuildPhase;
			buildActionMask = 2147483647;
			files = (
			);
			inputPaths = (
			);
			name = "[CP] Check Pods Manifest.lock";
			outputPaths = (
			);
			runOnlyForDeploymentPostprocessing = 0;
			shellPath = /bin/sh;
			shellScript = "diff \"${PODS_ROOT}/../Podfile.lock\" \"${PODS_ROOT}/Manifest.lock\" > /dev/null\nif [[ $? != 0 ]] ; then\n    cat << EOM\nerror: The sandbox is not in sync with the Podfile.lock. Run 'pod install' or update your CocoaPods installation.\nEOM\n    exit 1\nfi\n";
			showEnvVarsInLog = 0;
		};
		D7127162DBD1234157B2592C /* [CP] Check Pods Manifest.lock */ = {
			isa = PBXShellScriptBuildPhase;
			buildActionMask = 2147483647;
			files = (
			);
			inputPaths = (
			);
			name = "[CP] Check Pods Manifest.lock";
			outputPaths = (
			);
			runOnlyForDeploymentPostprocessing = 0;
			shellPath = /bin/sh;
			shellScript = "diff \"${PODS_ROOT}/../Podfile.lock\" \"${PODS_ROOT}/Manifest.lock\" > /dev/null\nif [[ $? != 0 ]] ; then\n    cat << EOM\nerror: The sandbox is not in sync with the Podfile.lock. Run 'pod install' or update your CocoaPods installation.\nEOM\n    exit 1\nfi\n";
			showEnvVarsInLog = 0;
		};
		FA93102E05645A386114EAA3 /* [CP] Embed Pods Frameworks */ = {
			isa = PBXShellScriptBuildPhase;
			buildActionMask = 2147483647;
			files = (
			);
			inputPaths = (
			);
			name = "[CP] Embed Pods Frameworks";
			outputPaths = (
			);
			runOnlyForDeploymentPostprocessing = 0;
			shellPath = /bin/sh;
			shellScript = "\"${SRCROOT}/Pods/Target Support Files/Pods-KurentoToolbox-Tests/Pods-KurentoToolbox-Tests-frameworks.sh\"\n";
			showEnvVarsInLog = 0;
		};
/* End PBXShellScriptBuildPhase section */

/* Begin PBXSourcesBuildPhase section */
		4A46BC1C1BE3DF79009E0FBE /* Sources */ = {
			isa = PBXSourcesBuildPhase;
			buildActionMask = 2147483647;
			files = (
				4A46BC3E1BE3E2AC009E0FBE /* NBMWebRTCPeer.m in Sources */,
				4A4F0CB01C201E3600CD30A1 /* NBMRoomClientError.m in Sources */,
				4AE8C9E61C4E752900A87D8A /* NBMTreeEndpoint.m in Sources */,
				4AE4390B1BF4AC14001882E5 /* NBMTransportChannel.m in Sources */,
				4A6E88E31C105657000A8EE9 /* NBMRoomClient.m in Sources */,
				4A4F0CA01C15CF8300CD30A1 /* NBMJSONRPCError.m in Sources */,
				4AE8C9CB1C47B83700A87D8A /* NBMEAGLVideoViewContainer.m in Sources */,
				4A4F0CA61C15D0DC00CD30A1 /* NBMJSONRPCConstants.m in Sources */,
				4A4F0CB41C2025E900CD30A1 /* NBMJSONRPCClientError.m in Sources */,
				4A46BC431BE3E2C1009E0FBE /* NBMRequest.m in Sources */,
				4AE8C9D01C4E506100A87D8A /* NBMTreeClient.m in Sources */,
				4A4F0D1A1C22C2C300CD30A1 /* NBMJSONRPCUtilities.m in Sources */,
				4A3BBFFB1C0CA34E00D9887F /* NBMMediaConfiguration.m in Sources */,
				4A46BC481BE3E2D1009E0FBE /* NBMJSONRPCClient.m in Sources */,
				4A6E88E71C10629F000A8EE9 /* NBMRoom.m in Sources */,
				4AE439091BF4AC14001882E5 /* NBMTimeoutable.m in Sources */,
				4A46BC3C1BE3E2A5009E0FBE /* NBMPeerConnection.m in Sources */,
				4AD22D231C643313002C1038 /* RTCMediaStream+Configuration.m in Sources */,
				4AE8C9EC1C4FD83300A87D8A /* NBMTreeClientError.m in Sources */,
				4A29E1741C5A0FD70068FEE5 /* NBMError.m in Sources */,
				4A6E88EB1C10637B000A8EE9 /* NBMPeer.m in Sources */,
				4A4F0C9C1C15C7B000CD30A1 /* NBMRoomError.m in Sources */,
				4A46BC461BE3E2CA009E0FBE /* NBMResponse.m in Sources */,
				4AE8C9C71C47B71200A87D8A /* NBMEAGLRenderer.m in Sources */,
				4A4F0CA41C15D08300CD30A1 /* NBMRoomConstants.m in Sources */,
				4AE438FF1BF4ABD0001882E5 /* NBMSessionDescriptionFactory.m in Sources */,
			);
			runOnlyForDeploymentPostprocessing = 0;
		};
		4AF48D581BECEFFA004E4AD2 /* Sources */ = {
			isa = PBXSourcesBuildPhase;
			buildActionMask = 2147483647;
			files = (
			);
			runOnlyForDeploymentPostprocessing = 0;
		};
/* End PBXSourcesBuildPhase section */

/* Begin PBXTargetDependency section */
		4AF48D631BECEFFA004E4AD2 /* PBXTargetDependency */ = {
			isa = PBXTargetDependency;
			target = 4A46BC201BE3DF79009E0FBE /* KurentoToolbox-Static */;
			targetProxy = 4AF48D621BECEFFA004E4AD2 /* PBXContainerItemProxy */;
		};
/* End PBXTargetDependency section */

/* Begin XCBuildConfiguration section */
		4A46BC331BE3DF7A009E0FBE /* Debug */ = {
			isa = XCBuildConfiguration;
			baseConfigurationReference = 4A46BC511BE3E691009E0FBE /* Kurento-Library-Debug.xcconfig */;
			buildSettings = {
				DEFINES_MODULE = YES;
				FRAMEWORK_SEARCH_PATHS = "$(inherited)";
				GCC_PREFIX_HEADER = "$(SRCROOT)/Framework/Kurento-Prefix.pch";
				HEADER_SEARCH_PATHS = (
					"$(inherited)",
					"\"${PODS_ROOT}/Headers/Public\"",
					"\"${PODS_ROOT}/Headers/Public/CocoaLumberjack\"",
					"\"${PODS_ROOT}/Headers/Public/KurentoToolbox\"",
					"\"${PODS_ROOT}/Headers/Public/SBJson\"",
					"\"${PODS_ROOT}/Headers/Public/SocketRocket\"",
				);
				LIBRARY_SEARCH_PATHS = (
					"$(inherited)",
					"$(PROJECT_DIR)/build/Debug-iphoneos",
				);
				SKIP_INSTALL = YES;
			};
			name = Debug;
		};
		4A46BC341BE3DF7A009E0FBE /* Release */ = {
			isa = XCBuildConfiguration;
			baseConfigurationReference = 4A46BC521BE3E6A9009E0FBE /* Kurento-Library-Release.xcconfig */;
			buildSettings = {
				DEFINES_MODULE = YES;
				FRAMEWORK_SEARCH_PATHS = "$(inherited)";
				GCC_PREFIX_HEADER = "$(SRCROOT)/Framework/Kurento-Prefix.pch";
				HEADER_SEARCH_PATHS = (
					"$(inherited)",
					"\"${PODS_ROOT}/Headers/Public\"",
					"\"${PODS_ROOT}/Headers/Public/CocoaLumberjack\"",
					"\"${PODS_ROOT}/Headers/Public/KurentoToolbox\"",
					"\"${PODS_ROOT}/Headers/Public/SBJson\"",
					"\"${PODS_ROOT}/Headers/Public/SocketRocket\"",
				);
				LIBRARY_SEARCH_PATHS = (
					"$(inherited)",
					"$(PROJECT_DIR)/build/Debug-iphoneos",
				);
				SKIP_INSTALL = YES;
			};
			name = Release;
		};
		4A4884A31BAC39A40093D90D /* Debug */ = {
			isa = XCBuildConfiguration;
			baseConfigurationReference = 4A46BC1B1BE3DF61009E0FBE /* Kurento-Project.xcconfig */;
			buildSettings = {
				ALWAYS_SEARCH_USER_PATHS = NO;
				CLANG_CXX_LANGUAGE_STANDARD = "gnu++0x";
				CLANG_CXX_LIBRARY = "libc++";
				CLANG_ENABLE_MODULES = YES;
				CLANG_ENABLE_OBJC_ARC = YES;
				CLANG_WARN_BOOL_CONVERSION = YES;
				CLANG_WARN_CONSTANT_CONVERSION = YES;
				CLANG_WARN_DIRECT_OBJC_ISA_USAGE = YES_ERROR;
				CLANG_WARN_EMPTY_BODY = YES;
				CLANG_WARN_ENUM_CONVERSION = YES;
				CLANG_WARN_INT_CONVERSION = YES;
				CLANG_WARN_OBJC_ROOT_CLASS = YES_ERROR;
				CLANG_WARN_UNREACHABLE_CODE = YES;
				CLANG_WARN__DUPLICATE_METHOD_MATCH = YES;
				DEBUG_INFORMATION_FORMAT = dwarf;
				ENABLE_BITCODE = NO;
				ENABLE_STRICT_OBJC_MSGSEND = YES;
				ENABLE_TESTABILITY = YES;
				FRAMEWORK_SEARCH_PATHS = "$(SRCROOT)";
				GCC_C_LANGUAGE_STANDARD = gnu99;
				GCC_DYNAMIC_NO_PIC = NO;
				GCC_NO_COMMON_BLOCKS = YES;
				GCC_OPTIMIZATION_LEVEL = 0;
				GCC_PREPROCESSOR_DEFINITIONS = (
					"DEBUG=1",
					"$(inherited)",
				);
				GCC_WARN_64_TO_32_BIT_CONVERSION = YES;
				GCC_WARN_ABOUT_RETURN_TYPE = YES_ERROR;
				GCC_WARN_UNDECLARED_SELECTOR = YES;
				GCC_WARN_UNINITIALIZED_AUTOS = YES_AGGRESSIVE;
				GCC_WARN_UNUSED_FUNCTION = YES;
				GCC_WARN_UNUSED_VARIABLE = YES;
				IPHONEOS_DEPLOYMENT_TARGET = 8.0;
				MTL_ENABLE_DEBUG_INFO = YES;
				ONLY_ACTIVE_ARCH = YES;
				SDKROOT = iphoneos;
				TARGETED_DEVICE_FAMILY = "1,2";
			};
			name = Debug;
		};
		4A4884A41BAC39A40093D90D /* Release */ = {
			isa = XCBuildConfiguration;
			baseConfigurationReference = 4A46BC1B1BE3DF61009E0FBE /* Kurento-Project.xcconfig */;
			buildSettings = {
				ALWAYS_SEARCH_USER_PATHS = NO;
				CLANG_CXX_LANGUAGE_STANDARD = "gnu++0x";
				CLANG_CXX_LIBRARY = "libc++";
				CLANG_ENABLE_MODULES = YES;
				CLANG_ENABLE_OBJC_ARC = YES;
				CLANG_WARN_BOOL_CONVERSION = YES;
				CLANG_WARN_CONSTANT_CONVERSION = YES;
				CLANG_WARN_DIRECT_OBJC_ISA_USAGE = YES_ERROR;
				CLANG_WARN_EMPTY_BODY = YES;
				CLANG_WARN_ENUM_CONVERSION = YES;
				CLANG_WARN_INT_CONVERSION = YES;
				CLANG_WARN_OBJC_ROOT_CLASS = YES_ERROR;
				CLANG_WARN_UNREACHABLE_CODE = YES;
				CLANG_WARN__DUPLICATE_METHOD_MATCH = YES;
				DEBUG_INFORMATION_FORMAT = "dwarf-with-dsym";
				ENABLE_BITCODE = NO;
				ENABLE_NS_ASSERTIONS = NO;
				ENABLE_STRICT_OBJC_MSGSEND = YES;
				FRAMEWORK_SEARCH_PATHS = "$(SRCROOT)";
				GCC_C_LANGUAGE_STANDARD = gnu99;
				GCC_NO_COMMON_BLOCKS = YES;
				GCC_WARN_64_TO_32_BIT_CONVERSION = YES;
				GCC_WARN_ABOUT_RETURN_TYPE = YES_ERROR;
				GCC_WARN_UNDECLARED_SELECTOR = YES;
				GCC_WARN_UNINITIALIZED_AUTOS = YES_AGGRESSIVE;
				GCC_WARN_UNUSED_FUNCTION = YES;
				GCC_WARN_UNUSED_VARIABLE = YES;
				IPHONEOS_DEPLOYMENT_TARGET = 8.0;
				MTL_ENABLE_DEBUG_INFO = NO;
				SDKROOT = iphoneos;
				TARGETED_DEVICE_FAMILY = "1,2";
			};
			name = Release;
		};
		4AF48D651BECEFFA004E4AD2 /* Debug */ = {
			isa = XCBuildConfiguration;
			baseConfigurationReference = D0C7C1936F109C5D3E1CFA64 /* Pods-KurentoToolbox-Tests.debug.xcconfig */;
			buildSettings = {
				"CODE_SIGN_IDENTITY[sdk=iphoneos*]" = "iPhone Developer";
				COPY_PHASE_STRIP = NO;
				INFOPLIST_FILE = KurentoToolboxTests/Info.plist;
				LD_RUNPATH_SEARCH_PATHS = "$(inherited) @executable_path/Frameworks @loader_path/Frameworks";
				PRODUCT_BUNDLE_IDENTIFIER = mr.KurentoToolboxTests;
				PRODUCT_NAME = "$(TARGET_NAME)";
			};
			name = Debug;
		};
		4AF48D661BECEFFA004E4AD2 /* Release */ = {
			isa = XCBuildConfiguration;
			baseConfigurationReference = FC0644359EAD1857DA6D37FA /* Pods-KurentoToolbox-Tests.release.xcconfig */;
			buildSettings = {
				"CODE_SIGN_IDENTITY[sdk=iphoneos*]" = "iPhone Developer";
				COPY_PHASE_STRIP = NO;
				INFOPLIST_FILE = KurentoToolboxTests/Info.plist;
				LD_RUNPATH_SEARCH_PATHS = "$(inherited) @executable_path/Frameworks @loader_path/Frameworks";
				PRODUCT_BUNDLE_IDENTIFIER = mr.KurentoToolboxTests;
				PRODUCT_NAME = "$(TARGET_NAME)";
			};
			name = Release;
		};
/* End XCBuildConfiguration section */

/* Begin XCConfigurationList section */
		4A46BC321BE3DF7A009E0FBE /* Build configuration list for PBXNativeTarget "KurentoToolbox-Static" */ = {
			isa = XCConfigurationList;
			buildConfigurations = (
				4A46BC331BE3DF7A009E0FBE /* Debug */,
				4A46BC341BE3DF7A009E0FBE /* Release */,
			);
			defaultConfigurationIsVisible = 0;
			defaultConfigurationName = Release;
		};
		4A48848B1BAC39A30093D90D /* Build configuration list for PBXProject "Kurento-iOS" */ = {
			isa = XCConfigurationList;
			buildConfigurations = (
				4A4884A31BAC39A40093D90D /* Debug */,
				4A4884A41BAC39A40093D90D /* Release */,
			);
			defaultConfigurationIsVisible = 0;
			defaultConfigurationName = Release;
		};
		4AF48D641BECEFFA004E4AD2 /* Build configuration list for PBXNativeTarget "KurentoToolbox-Tests" */ = {
			isa = XCConfigurationList;
			buildConfigurations = (
				4AF48D651BECEFFA004E4AD2 /* Debug */,
				4AF48D661BECEFFA004E4AD2 /* Release */,
			);
			defaultConfigurationIsVisible = 0;
			defaultConfigurationName = Release;
		};
/* End XCConfigurationList section */
	};
	rootObject = 4A4884881BAC39A30093D90D /* Project object */;
}
