// !$*UTF8*$!
{
	archiveVersion = 1;
	classes = {
	};
	objectVersion = 46;
	objects = {

/* Begin PBXBuildFile section */
		150BC69D1F89499958CF1025 /* libPods-KurentoToolboxTests.a in Frameworks */ = {isa = PBXBuildFile; fileRef = E7B1A4AC0FB19B9BB097CE73 /* libPods-KurentoToolboxTests.a */; };
		4A46BC3B1BE3E2A1009E0FBE /* NBMPeerConnection.h in Headers */ = {isa = PBXBuildFile; fileRef = 4AA551691BDF7D0B002152AB /* NBMPeerConnection.h */; settings = {ATTRIBUTES = (Public, ); }; };
		4A46BC3C1BE3E2A5009E0FBE /* NBMPeerConnection.m in Sources */ = {isa = PBXBuildFile; fileRef = 4AA5516A1BDF7D0B002152AB /* NBMPeerConnection.m */; };
		4A46BC3D1BE3E2A8009E0FBE /* NBMWebRTCPeer.h in Headers */ = {isa = PBXBuildFile; fileRef = 4AD6003F1BB43E01003124FD /* NBMWebRTCPeer.h */; settings = {ATTRIBUTES = (Public, ); }; };
		4A46BC3E1BE3E2AC009E0FBE /* NBMWebRTCPeer.m in Sources */ = {isa = PBXBuildFile; fileRef = 4AD600401BB43E01003124FD /* NBMWebRTCPeer.m */; };
		4A46BC3F1BE3E2B2009E0FBE /* NBMJSONRPCConstants.h in Headers */ = {isa = PBXBuildFile; fileRef = 4A0C9E891BD8DFCE00F4F7F0 /* NBMJSONRPCConstants.h */; settings = {ATTRIBUTES = (Public, ); }; };
		4A46BC401BE3E2B6009E0FBE /* NBMMessage.h in Headers */ = {isa = PBXBuildFile; fileRef = 4AD6002E1BB3F54B003124FD /* NBMMessage.h */; settings = {ATTRIBUTES = (Public, ); }; };
		4A46BC411BE3E2B9009E0FBE /* NBMRequest+Private.h in Headers */ = {isa = PBXBuildFile; fileRef = 4A5AA56F1BD6659900FCA44D /* NBMRequest+Private.h */; };
		4A46BC421BE3E2BD009E0FBE /* NBMRequest.h in Headers */ = {isa = PBXBuildFile; fileRef = 4AD600331BB3F79D003124FD /* NBMRequest.h */; settings = {ATTRIBUTES = (Public, ); }; };
		4A46BC431BE3E2C1009E0FBE /* NBMRequest.m in Sources */ = {isa = PBXBuildFile; fileRef = 4AD600341BB3F79D003124FD /* NBMRequest.m */; };
		4A46BC441BE3E2C3009E0FBE /* NBMResponse+Private.h in Headers */ = {isa = PBXBuildFile; fileRef = 4A5AA56B1BD6536300FCA44D /* NBMResponse+Private.h */; };
		4A46BC451BE3E2C6009E0FBE /* NBMResponse.h in Headers */ = {isa = PBXBuildFile; fileRef = 4AD600371BB3FDA6003124FD /* NBMResponse.h */; settings = {ATTRIBUTES = (Public, ); }; };
		4A46BC461BE3E2CA009E0FBE /* NBMResponse.m in Sources */ = {isa = PBXBuildFile; fileRef = 4AD600381BB3FDA6003124FD /* NBMResponse.m */; };
		4A46BC471BE3E2CD009E0FBE /* NBMJSONRPCClient.h in Headers */ = {isa = PBXBuildFile; fileRef = 4A7113871BD4F196003AEF5C /* NBMJSONRPCClient.h */; settings = {ATTRIBUTES = (Public, ); }; };
		4A46BC481BE3E2D1009E0FBE /* NBMJSONRPCClient.m in Sources */ = {isa = PBXBuildFile; fileRef = 4A7113881BD4F196003AEF5C /* NBMJSONRPCClient.m */; };
		4A46BC491BE3E2D3009E0FBE /* NBMTimeoutable.h in Headers */ = {isa = PBXBuildFile; fileRef = 4AA551651BDB9B8E002152AB /* NBMTimeoutable.h */; };
		4A46BC4A1BE3E2D6009E0FBE /* NBMTimeoutable.m in Sources */ = {isa = PBXBuildFile; fileRef = 4AA551661BDB9B8E002152AB /* NBMTimeoutable.m */; };
		4A46BC4B1BE3E2D8009E0FBE /* NBMTransportChannel.h in Headers */ = {isa = PBXBuildFile; fileRef = 4A71138B1BD51BEC003AEF5C /* NBMTransportChannel.h */; };
		4A46BC4C1BE3E2DA009E0FBE /* NBMTransportChannel.m in Sources */ = {isa = PBXBuildFile; fileRef = 4A71138C1BD51BEC003AEF5C /* NBMTransportChannel.m */; };
		4A46BC4D1BE3E2DD009E0FBE /* NBMLog.h in Headers */ = {isa = PBXBuildFile; fileRef = 4A5AA5631BD640FB00FCA44D /* NBMLog.h */; };
		4A46BC4E1BE3E2DF009E0FBE /* NBMUtilities.h in Headers */ = {isa = PBXBuildFile; fileRef = 4A95CF361BB05A7500F46A0D /* NBMUtilities.h */; };
		4A46BC4F1BE3E2E1009E0FBE /* NBMUtilities.m in Sources */ = {isa = PBXBuildFile; fileRef = 4A95CF371BB05A7500F46A0D /* NBMUtilities.m */; };
		4A46BC501BE3E2E5009E0FBE /* KurentoToolbox.h in Headers */ = {isa = PBXBuildFile; fileRef = 4A4D6F851BAC3EF9001DB874 /* KurentoToolbox.h */; settings = {ATTRIBUTES = (Public, ); }; };
		4ACB2CB21BE92A5900E8E017 /* RTCAudioSource.h in Headers */ = {isa = PBXBuildFile; fileRef = 4ACB2C761BE929D600E8E017 /* RTCAudioSource.h */; settings = {ATTRIBUTES = (Public, ); }; };
		4ACB2CB31BE92A5900E8E017 /* RTCAudioTrack.h in Headers */ = {isa = PBXBuildFile; fileRef = 4ACB2C771BE929D600E8E017 /* RTCAudioTrack.h */; settings = {ATTRIBUTES = (Public, ); }; };
		4ACB2CB41BE92A5900E8E017 /* RTCAVFoundationVideoSource.h in Headers */ = {isa = PBXBuildFile; fileRef = 4ACB2C781BE929D600E8E017 /* RTCAVFoundationVideoSource.h */; settings = {ATTRIBUTES = (Public, ); }; };
		4ACB2CB51BE92A5900E8E017 /* RTCDataChannel.h in Headers */ = {isa = PBXBuildFile; fileRef = 4ACB2C791BE929D600E8E017 /* RTCDataChannel.h */; settings = {ATTRIBUTES = (Public, ); }; };
		4ACB2CB61BE92A5900E8E017 /* RTCEAGLVideoView.h in Headers */ = {isa = PBXBuildFile; fileRef = 4ACB2C7A1BE929D600E8E017 /* RTCEAGLVideoView.h */; settings = {ATTRIBUTES = (Public, ); }; };
		4ACB2CB71BE92A5900E8E017 /* RTCFileLogger.h in Headers */ = {isa = PBXBuildFile; fileRef = 4ACB2C7B1BE929D600E8E017 /* RTCFileLogger.h */; settings = {ATTRIBUTES = (Public, ); }; };
		4ACB2CB81BE92A5900E8E017 /* RTCI420Frame.h in Headers */ = {isa = PBXBuildFile; fileRef = 4ACB2C7C1BE929D600E8E017 /* RTCI420Frame.h */; settings = {ATTRIBUTES = (Public, ); }; };
		4ACB2CB91BE92A5900E8E017 /* RTCICECandidate.h in Headers */ = {isa = PBXBuildFile; fileRef = 4ACB2C7D1BE929D600E8E017 /* RTCICECandidate.h */; settings = {ATTRIBUTES = (Public, ); }; };
		4ACB2CBA1BE92A5900E8E017 /* RTCICEServer.h in Headers */ = {isa = PBXBuildFile; fileRef = 4ACB2C7E1BE929D600E8E017 /* RTCICEServer.h */; settings = {ATTRIBUTES = (Public, ); }; };
		4ACB2CBB1BE92A5900E8E017 /* RTCLogging.h in Headers */ = {isa = PBXBuildFile; fileRef = 4ACB2C7F1BE929D600E8E017 /* RTCLogging.h */; settings = {ATTRIBUTES = (Public, ); }; };
		4ACB2CBC1BE92A5900E8E017 /* RTCMediaConstraints.h in Headers */ = {isa = PBXBuildFile; fileRef = 4ACB2C801BE929D600E8E017 /* RTCMediaConstraints.h */; settings = {ATTRIBUTES = (Public, ); }; };
		4ACB2CBD1BE92A5900E8E017 /* RTCMediaSource.h in Headers */ = {isa = PBXBuildFile; fileRef = 4ACB2C811BE929D600E8E017 /* RTCMediaSource.h */; settings = {ATTRIBUTES = (Public, ); }; };
		4ACB2CBE1BE92A5900E8E017 /* RTCMediaStream.h in Headers */ = {isa = PBXBuildFile; fileRef = 4ACB2C821BE929D600E8E017 /* RTCMediaStream.h */; settings = {ATTRIBUTES = (Public, ); }; };
		4ACB2CBF1BE92A5A00E8E017 /* RTCMediaStreamTrack.h in Headers */ = {isa = PBXBuildFile; fileRef = 4ACB2C831BE929D600E8E017 /* RTCMediaStreamTrack.h */; settings = {ATTRIBUTES = (Public, ); }; };
		4ACB2CC11BE92A5A00E8E017 /* RTCOpenGLVideoRenderer.h in Headers */ = {isa = PBXBuildFile; fileRef = 4ACB2C851BE929D600E8E017 /* RTCOpenGLVideoRenderer.h */; settings = {ATTRIBUTES = (Public, ); }; };
		4ACB2CC21BE92A5A00E8E017 /* RTCPair.h in Headers */ = {isa = PBXBuildFile; fileRef = 4ACB2C861BE929D600E8E017 /* RTCPair.h */; settings = {ATTRIBUTES = (Public, ); }; };
		4ACB2CC31BE92A5A00E8E017 /* RTCPeerConnection.h in Headers */ = {isa = PBXBuildFile; fileRef = 4ACB2C871BE929D600E8E017 /* RTCPeerConnection.h */; settings = {ATTRIBUTES = (Public, ); }; };
		4ACB2CC41BE92A5A00E8E017 /* RTCPeerConnectionDelegate.h in Headers */ = {isa = PBXBuildFile; fileRef = 4ACB2C881BE929D600E8E017 /* RTCPeerConnectionDelegate.h */; settings = {ATTRIBUTES = (Public, ); }; };
		4ACB2CC51BE92A5A00E8E017 /* RTCPeerConnectionFactory.h in Headers */ = {isa = PBXBuildFile; fileRef = 4ACB2C891BE929D600E8E017 /* RTCPeerConnectionFactory.h */; settings = {ATTRIBUTES = (Public, ); }; };
		4ACB2CC61BE92A5A00E8E017 /* RTCPeerConnectionInterface.h in Headers */ = {isa = PBXBuildFile; fileRef = 4ACB2C8A1BE929D600E8E017 /* RTCPeerConnectionInterface.h */; settings = {ATTRIBUTES = (Public, ); }; };
		4ACB2CC71BE92A5A00E8E017 /* RTCSessionDescription.h in Headers */ = {isa = PBXBuildFile; fileRef = 4ACB2C8B1BE929D600E8E017 /* RTCSessionDescription.h */; settings = {ATTRIBUTES = (Public, ); }; };
		4ACB2CC81BE92A5A00E8E017 /* RTCSessionDescriptionDelegate.h in Headers */ = {isa = PBXBuildFile; fileRef = 4ACB2C8C1BE929D600E8E017 /* RTCSessionDescriptionDelegate.h */; settings = {ATTRIBUTES = (Public, ); }; };
		4ACB2CC91BE92A5A00E8E017 /* RTCStatsDelegate.h in Headers */ = {isa = PBXBuildFile; fileRef = 4ACB2C8D1BE929D600E8E017 /* RTCStatsDelegate.h */; settings = {ATTRIBUTES = (Public, ); }; };
		4ACB2CCA1BE92A5A00E8E017 /* RTCStatsReport.h in Headers */ = {isa = PBXBuildFile; fileRef = 4ACB2C8E1BE929D600E8E017 /* RTCStatsReport.h */; settings = {ATTRIBUTES = (Public, ); }; };
		4ACB2CCB1BE92A5A00E8E017 /* RTCTypes.h in Headers */ = {isa = PBXBuildFile; fileRef = 4ACB2C8F1BE929D600E8E017 /* RTCTypes.h */; settings = {ATTRIBUTES = (Public, ); }; };
		4ACB2CCC1BE92A5A00E8E017 /* RTCVideoCapturer.h in Headers */ = {isa = PBXBuildFile; fileRef = 4ACB2C901BE929D600E8E017 /* RTCVideoCapturer.h */; settings = {ATTRIBUTES = (Public, ); }; };
		4ACB2CCD1BE92A5A00E8E017 /* RTCVideoRenderer.h in Headers */ = {isa = PBXBuildFile; fileRef = 4ACB2C911BE929D600E8E017 /* RTCVideoRenderer.h */; settings = {ATTRIBUTES = (Public, ); }; };
		4ACB2CCE1BE92A5A00E8E017 /* RTCVideoSource.h in Headers */ = {isa = PBXBuildFile; fileRef = 4ACB2C921BE929D600E8E017 /* RTCVideoSource.h */; settings = {ATTRIBUTES = (Public, ); }; };
		4ACB2CCF1BE92A5A00E8E017 /* RTCVideoTrack.h in Headers */ = {isa = PBXBuildFile; fileRef = 4ACB2C931BE929D600E8E017 /* RTCVideoTrack.h */; settings = {ATTRIBUTES = (Public, ); }; };
		4ACB2CD31BE92C2B00E8E017 /* NBMSessionDescriptionFactory.m in Sources */ = {isa = PBXBuildFile; fileRef = 4ACB2CD01BE92C2B00E8E017 /* NBMSessionDescriptionFactory.m */; };
		4ACB2CD51BE92C2B00E8E017 /* NBMSessionDescriptionFactory.h in Headers */ = {isa = PBXBuildFile; fileRef = 4ACB2CD11BE92C2B00E8E017 /* NBMSessionDescriptionFactory.h */; };
		4AF48D491BEBC468004E4AD2 /* KurentoToolbox.framework in Frameworks */ = {isa = PBXBuildFile; fileRef = 4A46BC211BE3DF79009E0FBE /* KurentoToolbox.framework */; };
		4AF48D511BECBE10004E4AD2 /* Info.plist in Resources */ = {isa = PBXBuildFile; fileRef = 4AF48D4F1BECBE10004E4AD2 /* Info.plist */; };
		4AF48D521BECBE10004E4AD2 /* KurentoToolboxTests.m in Sources */ = {isa = PBXBuildFile; fileRef = 4AF48D501BECBE10004E4AD2 /* KurentoToolboxTests.m */; };
		DD1B525D285C89CA84A72449 /* libPods-KurentoToolbox.a in Frameworks */ = {isa = PBXBuildFile; fileRef = 9EC62D5BF0803F25CA18D647 /* libPods-KurentoToolbox.a */; };
/* End PBXBuildFile section */

/* Begin PBXContainerItemProxy section */
		4AF48D4A1BEBC468004E4AD2 /* PBXContainerItemProxy */ = {
			isa = PBXContainerItemProxy;
			containerPortal = 4A4884881BAC39A30093D90D /* Project object */;
			proxyType = 1;
			remoteGlobalIDString = 4A46BC201BE3DF79009E0FBE;
			remoteInfo = KurentoToolbox;
		};
/* End PBXContainerItemProxy section */

/* Begin PBXFileReference section */
		4A0C9E891BD8DFCE00F4F7F0 /* NBMJSONRPCConstants.h */ = {isa = PBXFileReference; fileEncoding = 4; lastKnownFileType = sourcecode.c.h; path = NBMJSONRPCConstants.h; sourceTree = "<group>"; };
		4A133A4F1BE1204A0095B168 /* Kurento.h */ = {isa = PBXFileReference; lastKnownFileType = sourcecode.c.h; path = Kurento.h; sourceTree = "<group>"; };
		4A46BC191BE3DF61009E0FBE /* Kurento-Library.xcconfig */ = {isa = PBXFileReference; lastKnownFileType = text.xcconfig; name = "Kurento-Library.xcconfig"; path = "Config/Kurento-Library.xcconfig"; sourceTree = SOURCE_ROOT; };
		4A46BC1B1BE3DF61009E0FBE /* Kurento-Project.xcconfig */ = {isa = PBXFileReference; lastKnownFileType = text.xcconfig; name = "Kurento-Project.xcconfig"; path = "Config/Kurento-Project.xcconfig"; sourceTree = SOURCE_ROOT; };
		4A46BC211BE3DF79009E0FBE /* KurentoToolbox.framework */ = {isa = PBXFileReference; explicitFileType = wrapper.framework; includeInIndex = 0; path = KurentoToolbox.framework; sourceTree = BUILT_PRODUCTS_DIR; };
		4A46BC511BE3E691009E0FBE /* Kurento-Library-Debug.xcconfig */ = {isa = PBXFileReference; lastKnownFileType = text.xcconfig; name = "Kurento-Library-Debug.xcconfig"; path = "Config/Kurento-Library-Debug.xcconfig"; sourceTree = SOURCE_ROOT; };
		4A46BC521BE3E6A9009E0FBE /* Kurento-Library-Release.xcconfig */ = {isa = PBXFileReference; lastKnownFileType = text.xcconfig; name = "Kurento-Library-Release.xcconfig"; path = "Config/Kurento-Library-Release.xcconfig"; sourceTree = SOURCE_ROOT; };
		4A4D6F841BAC3EF9001DB874 /* Info.plist */ = {isa = PBXFileReference; fileEncoding = 4; lastKnownFileType = text.plist.xml; path = Info.plist; sourceTree = "<group>"; };
		4A4D6F851BAC3EF9001DB874 /* KurentoToolbox.h */ = {isa = PBXFileReference; fileEncoding = 4; lastKnownFileType = sourcecode.c.h; path = KurentoToolbox.h; sourceTree = "<group>"; };
		4A5AA5631BD640FB00FCA44D /* NBMLog.h */ = {isa = PBXFileReference; fileEncoding = 4; lastKnownFileType = sourcecode.c.h; path = NBMLog.h; sourceTree = "<group>"; };
		4A5AA56B1BD6536300FCA44D /* NBMResponse+Private.h */ = {isa = PBXFileReference; fileEncoding = 4; lastKnownFileType = sourcecode.c.h; path = "NBMResponse+Private.h"; sourceTree = "<group>"; };
		4A5AA56F1BD6659900FCA44D /* NBMRequest+Private.h */ = {isa = PBXFileReference; lastKnownFileType = sourcecode.c.h; path = "NBMRequest+Private.h"; sourceTree = "<group>"; };
		4A7113871BD4F196003AEF5C /* NBMJSONRPCClient.h */ = {isa = PBXFileReference; fileEncoding = 4; lastKnownFileType = sourcecode.c.h; path = NBMJSONRPCClient.h; sourceTree = "<group>"; };
		4A7113881BD4F196003AEF5C /* NBMJSONRPCClient.m */ = {isa = PBXFileReference; fileEncoding = 4; lastKnownFileType = sourcecode.c.objc; path = NBMJSONRPCClient.m; sourceTree = "<group>"; };
		4A71138B1BD51BEC003AEF5C /* NBMTransportChannel.h */ = {isa = PBXFileReference; fileEncoding = 4; lastKnownFileType = sourcecode.c.h; path = NBMTransportChannel.h; sourceTree = "<group>"; };
		4A71138C1BD51BEC003AEF5C /* NBMTransportChannel.m */ = {isa = PBXFileReference; fileEncoding = 4; lastKnownFileType = sourcecode.c.objc; path = NBMTransportChannel.m; sourceTree = "<group>"; };
		4A95CF361BB05A7500F46A0D /* NBMUtilities.h */ = {isa = PBXFileReference; fileEncoding = 4; lastKnownFileType = sourcecode.c.h; path = NBMUtilities.h; sourceTree = "<group>"; };
		4A95CF371BB05A7500F46A0D /* NBMUtilities.m */ = {isa = PBXFileReference; fileEncoding = 4; lastKnownFileType = sourcecode.c.objc; path = NBMUtilities.m; sourceTree = "<group>"; };
		4AA551651BDB9B8E002152AB /* NBMTimeoutable.h */ = {isa = PBXFileReference; fileEncoding = 4; lastKnownFileType = sourcecode.c.h; path = NBMTimeoutable.h; sourceTree = "<group>"; };
		4AA551661BDB9B8E002152AB /* NBMTimeoutable.m */ = {isa = PBXFileReference; fileEncoding = 4; lastKnownFileType = sourcecode.c.objc; path = NBMTimeoutable.m; sourceTree = "<group>"; };
		4AA551691BDF7D0B002152AB /* NBMPeerConnection.h */ = {isa = PBXFileReference; fileEncoding = 4; lastKnownFileType = sourcecode.c.h; path = NBMPeerConnection.h; sourceTree = "<group>"; };
		4AA5516A1BDF7D0B002152AB /* NBMPeerConnection.m */ = {isa = PBXFileReference; fileEncoding = 4; lastKnownFileType = sourcecode.c.objc; path = NBMPeerConnection.m; sourceTree = "<group>"; };
		4AA551731BDFD8E2002152AB /* Kurento-Prefix.pch */ = {isa = PBXFileReference; lastKnownFileType = sourcecode.c.h; path = "Kurento-Prefix.pch"; sourceTree = "<group>"; };
		4ACB2C761BE929D600E8E017 /* RTCAudioSource.h */ = {isa = PBXFileReference; lastKnownFileType = sourcecode.c.h; path = RTCAudioSource.h; sourceTree = "<group>"; };
		4ACB2C771BE929D600E8E017 /* RTCAudioTrack.h */ = {isa = PBXFileReference; lastKnownFileType = sourcecode.c.h; path = RTCAudioTrack.h; sourceTree = "<group>"; };
		4ACB2C781BE929D600E8E017 /* RTCAVFoundationVideoSource.h */ = {isa = PBXFileReference; lastKnownFileType = sourcecode.c.h; path = RTCAVFoundationVideoSource.h; sourceTree = "<group>"; };
		4ACB2C791BE929D600E8E017 /* RTCDataChannel.h */ = {isa = PBXFileReference; lastKnownFileType = sourcecode.c.h; path = RTCDataChannel.h; sourceTree = "<group>"; };
		4ACB2C7A1BE929D600E8E017 /* RTCEAGLVideoView.h */ = {isa = PBXFileReference; lastKnownFileType = sourcecode.c.h; path = RTCEAGLVideoView.h; sourceTree = "<group>"; };
		4ACB2C7B1BE929D600E8E017 /* RTCFileLogger.h */ = {isa = PBXFileReference; lastKnownFileType = sourcecode.c.h; path = RTCFileLogger.h; sourceTree = "<group>"; };
		4ACB2C7C1BE929D600E8E017 /* RTCI420Frame.h */ = {isa = PBXFileReference; lastKnownFileType = sourcecode.c.h; path = RTCI420Frame.h; sourceTree = "<group>"; };
		4ACB2C7D1BE929D600E8E017 /* RTCICECandidate.h */ = {isa = PBXFileReference; lastKnownFileType = sourcecode.c.h; path = RTCICECandidate.h; sourceTree = "<group>"; };
		4ACB2C7E1BE929D600E8E017 /* RTCICEServer.h */ = {isa = PBXFileReference; lastKnownFileType = sourcecode.c.h; path = RTCICEServer.h; sourceTree = "<group>"; };
		4ACB2C7F1BE929D600E8E017 /* RTCLogging.h */ = {isa = PBXFileReference; lastKnownFileType = sourcecode.c.h; path = RTCLogging.h; sourceTree = "<group>"; };
		4ACB2C801BE929D600E8E017 /* RTCMediaConstraints.h */ = {isa = PBXFileReference; lastKnownFileType = sourcecode.c.h; path = RTCMediaConstraints.h; sourceTree = "<group>"; };
		4ACB2C811BE929D600E8E017 /* RTCMediaSource.h */ = {isa = PBXFileReference; lastKnownFileType = sourcecode.c.h; path = RTCMediaSource.h; sourceTree = "<group>"; };
		4ACB2C821BE929D600E8E017 /* RTCMediaStream.h */ = {isa = PBXFileReference; lastKnownFileType = sourcecode.c.h; path = RTCMediaStream.h; sourceTree = "<group>"; };
		4ACB2C831BE929D600E8E017 /* RTCMediaStreamTrack.h */ = {isa = PBXFileReference; lastKnownFileType = sourcecode.c.h; path = RTCMediaStreamTrack.h; sourceTree = "<group>"; };
		4ACB2C841BE929D600E8E017 /* RTCNSGLVideoView.h */ = {isa = PBXFileReference; lastKnownFileType = sourcecode.c.h; path = RTCNSGLVideoView.h; sourceTree = "<group>"; };
		4ACB2C851BE929D600E8E017 /* RTCOpenGLVideoRenderer.h */ = {isa = PBXFileReference; lastKnownFileType = sourcecode.c.h; path = RTCOpenGLVideoRenderer.h; sourceTree = "<group>"; };
		4ACB2C861BE929D600E8E017 /* RTCPair.h */ = {isa = PBXFileReference; lastKnownFileType = sourcecode.c.h; path = RTCPair.h; sourceTree = "<group>"; };
		4ACB2C871BE929D600E8E017 /* RTCPeerConnection.h */ = {isa = PBXFileReference; lastKnownFileType = sourcecode.c.h; path = RTCPeerConnection.h; sourceTree = "<group>"; };
		4ACB2C881BE929D600E8E017 /* RTCPeerConnectionDelegate.h */ = {isa = PBXFileReference; lastKnownFileType = sourcecode.c.h; path = RTCPeerConnectionDelegate.h; sourceTree = "<group>"; };
		4ACB2C891BE929D600E8E017 /* RTCPeerConnectionFactory.h */ = {isa = PBXFileReference; lastKnownFileType = sourcecode.c.h; path = RTCPeerConnectionFactory.h; sourceTree = "<group>"; };
		4ACB2C8A1BE929D600E8E017 /* RTCPeerConnectionInterface.h */ = {isa = PBXFileReference; lastKnownFileType = sourcecode.c.h; path = RTCPeerConnectionInterface.h; sourceTree = "<group>"; };
		4ACB2C8B1BE929D600E8E017 /* RTCSessionDescription.h */ = {isa = PBXFileReference; lastKnownFileType = sourcecode.c.h; path = RTCSessionDescription.h; sourceTree = "<group>"; };
		4ACB2C8C1BE929D600E8E017 /* RTCSessionDescriptionDelegate.h */ = {isa = PBXFileReference; lastKnownFileType = sourcecode.c.h; path = RTCSessionDescriptionDelegate.h; sourceTree = "<group>"; };
		4ACB2C8D1BE929D600E8E017 /* RTCStatsDelegate.h */ = {isa = PBXFileReference; lastKnownFileType = sourcecode.c.h; path = RTCStatsDelegate.h; sourceTree = "<group>"; };
		4ACB2C8E1BE929D600E8E017 /* RTCStatsReport.h */ = {isa = PBXFileReference; lastKnownFileType = sourcecode.c.h; path = RTCStatsReport.h; sourceTree = "<group>"; };
		4ACB2C8F1BE929D600E8E017 /* RTCTypes.h */ = {isa = PBXFileReference; lastKnownFileType = sourcecode.c.h; path = RTCTypes.h; sourceTree = "<group>"; };
		4ACB2C901BE929D600E8E017 /* RTCVideoCapturer.h */ = {isa = PBXFileReference; lastKnownFileType = sourcecode.c.h; path = RTCVideoCapturer.h; sourceTree = "<group>"; };
		4ACB2C911BE929D600E8E017 /* RTCVideoRenderer.h */ = {isa = PBXFileReference; lastKnownFileType = sourcecode.c.h; path = RTCVideoRenderer.h; sourceTree = "<group>"; };
		4ACB2C921BE929D600E8E017 /* RTCVideoSource.h */ = {isa = PBXFileReference; lastKnownFileType = sourcecode.c.h; path = RTCVideoSource.h; sourceTree = "<group>"; };
		4ACB2C931BE929D600E8E017 /* RTCVideoTrack.h */ = {isa = PBXFileReference; lastKnownFileType = sourcecode.c.h; path = RTCVideoTrack.h; sourceTree = "<group>"; };
		4ACB2CD01BE92C2B00E8E017 /* NBMSessionDescriptionFactory.m */ = {isa = PBXFileReference; fileEncoding = 4; lastKnownFileType = sourcecode.c.objc; path = NBMSessionDescriptionFactory.m; sourceTree = "<group>"; };
		4ACB2CD11BE92C2B00E8E017 /* NBMSessionDescriptionFactory.h */ = {isa = PBXFileReference; fileEncoding = 4; lastKnownFileType = sourcecode.c.h; path = NBMSessionDescriptionFactory.h; sourceTree = "<group>"; };
		4AD6002E1BB3F54B003124FD /* NBMMessage.h */ = {isa = PBXFileReference; fileEncoding = 4; lastKnownFileType = sourcecode.c.h; path = NBMMessage.h; sourceTree = "<group>"; };
		4AD600331BB3F79D003124FD /* NBMRequest.h */ = {isa = PBXFileReference; fileEncoding = 4; lastKnownFileType = sourcecode.c.h; path = NBMRequest.h; sourceTree = "<group>"; };
		4AD600341BB3F79D003124FD /* NBMRequest.m */ = {isa = PBXFileReference; fileEncoding = 4; lastKnownFileType = sourcecode.c.objc; path = NBMRequest.m; sourceTree = "<group>"; };
		4AD600371BB3FDA6003124FD /* NBMResponse.h */ = {isa = PBXFileReference; fileEncoding = 4; lastKnownFileType = sourcecode.c.h; path = NBMResponse.h; sourceTree = "<group>"; };
		4AD600381BB3FDA6003124FD /* NBMResponse.m */ = {isa = PBXFileReference; fileEncoding = 4; lastKnownFileType = sourcecode.c.objc; path = NBMResponse.m; sourceTree = "<group>"; };
		4AD6003F1BB43E01003124FD /* NBMWebRTCPeer.h */ = {isa = PBXFileReference; fileEncoding = 4; lastKnownFileType = sourcecode.c.h; path = NBMWebRTCPeer.h; sourceTree = "<group>"; };
		4AD600401BB43E01003124FD /* NBMWebRTCPeer.m */ = {isa = PBXFileReference; fileEncoding = 4; lastKnownFileType = sourcecode.c.objc; path = NBMWebRTCPeer.m; sourceTree = "<group>"; };
		4AE20DA71BEA77C7005E5736 /* CocoaLumberjack.h */ = {isa = PBXFileReference; fileEncoding = 4; lastKnownFileType = sourcecode.c.h; path = CocoaLumberjack.h; sourceTree = "<group>"; };
		4AE20DA91BEA77C7005E5736 /* DDAbstractDatabaseLogger.h */ = {isa = PBXFileReference; fileEncoding = 4; lastKnownFileType = sourcecode.c.h; path = DDAbstractDatabaseLogger.h; sourceTree = "<group>"; };
		4AE20DAB1BEA77C7005E5736 /* DDASLLogCapture.h */ = {isa = PBXFileReference; fileEncoding = 4; lastKnownFileType = sourcecode.c.h; path = DDASLLogCapture.h; sourceTree = "<group>"; };
		4AE20DAD1BEA77C7005E5736 /* DDASLLogger.h */ = {isa = PBXFileReference; fileEncoding = 4; lastKnownFileType = sourcecode.c.h; path = DDASLLogger.h; sourceTree = "<group>"; };
		4AE20DAF1BEA77C7005E5736 /* DDAssertMacros.h */ = {isa = PBXFileReference; fileEncoding = 4; lastKnownFileType = sourcecode.c.h; path = DDAssertMacros.h; sourceTree = "<group>"; };
		4AE20DB01BEA77C7005E5736 /* DDFileLogger.h */ = {isa = PBXFileReference; fileEncoding = 4; lastKnownFileType = sourcecode.c.h; path = DDFileLogger.h; sourceTree = "<group>"; };
		4AE20DB21BEA77C7005E5736 /* DDLegacyMacros.h */ = {isa = PBXFileReference; fileEncoding = 4; lastKnownFileType = sourcecode.c.h; path = DDLegacyMacros.h; sourceTree = "<group>"; };
		4AE20DB31BEA77C7005E5736 /* DDLog+LOGV.h */ = {isa = PBXFileReference; fileEncoding = 4; lastKnownFileType = sourcecode.c.h; path = "DDLog+LOGV.h"; sourceTree = "<group>"; };
		4AE20DB41BEA77C7005E5736 /* DDLog.h */ = {isa = PBXFileReference; fileEncoding = 4; lastKnownFileType = sourcecode.c.h; path = DDLog.h; sourceTree = "<group>"; };
		4AE20DB61BEA77C7005E5736 /* DDLogMacros.h */ = {isa = PBXFileReference; fileEncoding = 4; lastKnownFileType = sourcecode.c.h; path = DDLogMacros.h; sourceTree = "<group>"; };
		4AE20DB71BEA77C7005E5736 /* DDTTYLogger.h */ = {isa = PBXFileReference; fileEncoding = 4; lastKnownFileType = sourcecode.c.h; path = DDTTYLogger.h; sourceTree = "<group>"; };
		4AE20DBA1BEA77C7005E5736 /* DDContextFilterLogFormatter.h */ = {isa = PBXFileReference; fileEncoding = 4; lastKnownFileType = sourcecode.c.h; path = DDContextFilterLogFormatter.h; sourceTree = "<group>"; };
		4AE20DBC1BEA77C7005E5736 /* DDDispatchQueueLogFormatter.h */ = {isa = PBXFileReference; fileEncoding = 4; lastKnownFileType = sourcecode.c.h; path = DDDispatchQueueLogFormatter.h; sourceTree = "<group>"; };
		4AE20DBE1BEA77C7005E5736 /* DDMultiFormatter.h */ = {isa = PBXFileReference; fileEncoding = 4; lastKnownFileType = sourcecode.c.h; path = DDMultiFormatter.h; sourceTree = "<group>"; };
		4AE20DC01BEA77C7005E5736 /* libCocoaLumberjack.a */ = {isa = PBXFileReference; lastKnownFileType = archive.ar; path = libCocoaLumberjack.a; sourceTree = "<group>"; };
		4AE20DC11BEA77C7005E5736 /* LICENSE.txt */ = {isa = PBXFileReference; fileEncoding = 4; lastKnownFileType = text; path = LICENSE.txt; sourceTree = "<group>"; };
		4AE20DC21BEA77C7005E5736 /* README.md */ = {isa = PBXFileReference; fileEncoding = 4; lastKnownFileType = net.daringfireball.markdown; path = README.md; sourceTree = "<group>"; };
		4AE20DC51BEA77C7005E5736 /* RTCAudioSource.h */ = {isa = PBXFileReference; fileEncoding = 4; lastKnownFileType = sourcecode.c.h; path = RTCAudioSource.h; sourceTree = "<group>"; };
		4AE20DC61BEA77C7005E5736 /* RTCAudioTrack.h */ = {isa = PBXFileReference; fileEncoding = 4; lastKnownFileType = sourcecode.c.h; path = RTCAudioTrack.h; sourceTree = "<group>"; };
		4AE20DC71BEA77C7005E5736 /* RTCAVFoundationVideoSource.h */ = {isa = PBXFileReference; fileEncoding = 4; lastKnownFileType = sourcecode.c.h; path = RTCAVFoundationVideoSource.h; sourceTree = "<group>"; };
		4AE20DC81BEA77C7005E5736 /* RTCDataChannel.h */ = {isa = PBXFileReference; fileEncoding = 4; lastKnownFileType = sourcecode.c.h; path = RTCDataChannel.h; sourceTree = "<group>"; };
		4AE20DC91BEA77C7005E5736 /* RTCEAGLVideoView.h */ = {isa = PBXFileReference; fileEncoding = 4; lastKnownFileType = sourcecode.c.h; path = RTCEAGLVideoView.h; sourceTree = "<group>"; };
		4AE20DCA1BEA77C7005E5736 /* RTCFileLogger.h */ = {isa = PBXFileReference; fileEncoding = 4; lastKnownFileType = sourcecode.c.h; path = RTCFileLogger.h; sourceTree = "<group>"; };
		4AE20DCB1BEA77C7005E5736 /* RTCI420Frame.h */ = {isa = PBXFileReference; fileEncoding = 4; lastKnownFileType = sourcecode.c.h; path = RTCI420Frame.h; sourceTree = "<group>"; };
		4AE20DCC1BEA77C7005E5736 /* RTCICECandidate.h */ = {isa = PBXFileReference; fileEncoding = 4; lastKnownFileType = sourcecode.c.h; path = RTCICECandidate.h; sourceTree = "<group>"; };
		4AE20DCD1BEA77C7005E5736 /* RTCICEServer.h */ = {isa = PBXFileReference; fileEncoding = 4; lastKnownFileType = sourcecode.c.h; path = RTCICEServer.h; sourceTree = "<group>"; };
		4AE20DCE1BEA77C7005E5736 /* RTCLogging.h */ = {isa = PBXFileReference; fileEncoding = 4; lastKnownFileType = sourcecode.c.h; path = RTCLogging.h; sourceTree = "<group>"; };
		4AE20DCF1BEA77C7005E5736 /* RTCMediaConstraints.h */ = {isa = PBXFileReference; fileEncoding = 4; lastKnownFileType = sourcecode.c.h; path = RTCMediaConstraints.h; sourceTree = "<group>"; };
		4AE20DD01BEA77C7005E5736 /* RTCMediaSource.h */ = {isa = PBXFileReference; fileEncoding = 4; lastKnownFileType = sourcecode.c.h; path = RTCMediaSource.h; sourceTree = "<group>"; };
		4AE20DD11BEA77C7005E5736 /* RTCMediaStream.h */ = {isa = PBXFileReference; fileEncoding = 4; lastKnownFileType = sourcecode.c.h; path = RTCMediaStream.h; sourceTree = "<group>"; };
		4AE20DD21BEA77C7005E5736 /* RTCMediaStreamTrack.h */ = {isa = PBXFileReference; fileEncoding = 4; lastKnownFileType = sourcecode.c.h; path = RTCMediaStreamTrack.h; sourceTree = "<group>"; };
		4AE20DD31BEA77C7005E5736 /* RTCNSGLVideoView.h */ = {isa = PBXFileReference; fileEncoding = 4; lastKnownFileType = sourcecode.c.h; path = RTCNSGLVideoView.h; sourceTree = "<group>"; };
		4AE20DD41BEA77C7005E5736 /* RTCOpenGLVideoRenderer.h */ = {isa = PBXFileReference; fileEncoding = 4; lastKnownFileType = sourcecode.c.h; path = RTCOpenGLVideoRenderer.h; sourceTree = "<group>"; };
		4AE20DD51BEA77C7005E5736 /* RTCPair.h */ = {isa = PBXFileReference; fileEncoding = 4; lastKnownFileType = sourcecode.c.h; path = RTCPair.h; sourceTree = "<group>"; };
		4AE20DD61BEA77C7005E5736 /* RTCPeerConnection.h */ = {isa = PBXFileReference; fileEncoding = 4; lastKnownFileType = sourcecode.c.h; path = RTCPeerConnection.h; sourceTree = "<group>"; };
		4AE20DD71BEA77C7005E5736 /* RTCPeerConnectionDelegate.h */ = {isa = PBXFileReference; fileEncoding = 4; lastKnownFileType = sourcecode.c.h; path = RTCPeerConnectionDelegate.h; sourceTree = "<group>"; };
		4AE20DD81BEA77C7005E5736 /* RTCPeerConnectionFactory.h */ = {isa = PBXFileReference; fileEncoding = 4; lastKnownFileType = sourcecode.c.h; path = RTCPeerConnectionFactory.h; sourceTree = "<group>"; };
		4AE20DD91BEA77C8005E5736 /* RTCPeerConnectionInterface.h */ = {isa = PBXFileReference; fileEncoding = 4; lastKnownFileType = sourcecode.c.h; path = RTCPeerConnectionInterface.h; sourceTree = "<group>"; };
		4AE20DDA1BEA77C8005E5736 /* RTCSessionDescription.h */ = {isa = PBXFileReference; fileEncoding = 4; lastKnownFileType = sourcecode.c.h; path = RTCSessionDescription.h; sourceTree = "<group>"; };
		4AE20DDB1BEA77C8005E5736 /* RTCSessionDescriptionDelegate.h */ = {isa = PBXFileReference; fileEncoding = 4; lastKnownFileType = sourcecode.c.h; path = RTCSessionDescriptionDelegate.h; sourceTree = "<group>"; };
		4AE20DDC1BEA77C8005E5736 /* RTCStatsDelegate.h */ = {isa = PBXFileReference; fileEncoding = 4; lastKnownFileType = sourcecode.c.h; path = RTCStatsDelegate.h; sourceTree = "<group>"; };
		4AE20DDD1BEA77C8005E5736 /* RTCStatsReport.h */ = {isa = PBXFileReference; fileEncoding = 4; lastKnownFileType = sourcecode.c.h; path = RTCStatsReport.h; sourceTree = "<group>"; };
		4AE20DDE1BEA77C8005E5736 /* RTCTypes.h */ = {isa = PBXFileReference; fileEncoding = 4; lastKnownFileType = sourcecode.c.h; path = RTCTypes.h; sourceTree = "<group>"; };
		4AE20DDF1BEA77C8005E5736 /* RTCVideoCapturer.h */ = {isa = PBXFileReference; fileEncoding = 4; lastKnownFileType = sourcecode.c.h; path = RTCVideoCapturer.h; sourceTree = "<group>"; };
		4AE20DE01BEA77C8005E5736 /* RTCVideoRenderer.h */ = {isa = PBXFileReference; fileEncoding = 4; lastKnownFileType = sourcecode.c.h; path = RTCVideoRenderer.h; sourceTree = "<group>"; };
		4AE20DE11BEA77C8005E5736 /* RTCVideoSource.h */ = {isa = PBXFileReference; fileEncoding = 4; lastKnownFileType = sourcecode.c.h; path = RTCVideoSource.h; sourceTree = "<group>"; };
		4AE20DE21BEA77C8005E5736 /* RTCVideoTrack.h */ = {isa = PBXFileReference; fileEncoding = 4; lastKnownFileType = sourcecode.c.h; path = RTCVideoTrack.h; sourceTree = "<group>"; };
		4AE20DE61BEA77C8005E5736 /* SRWebSocket.h */ = {isa = PBXFileReference; fileEncoding = 4; lastKnownFileType = sourcecode.c.h; path = SRWebSocket.h; sourceTree = "<group>"; };
		4AE20DE71BEA77C8005E5736 /* SRWebSocket.m */ = {isa = PBXFileReference; fileEncoding = 4; lastKnownFileType = sourcecode.c.objc; path = SRWebSocket.m; sourceTree = "<group>"; };
		4AE20DE81BEA77C8005E5736 /* LICENSE */ = {isa = PBXFileReference; fileEncoding = 4; lastKnownFileType = text; path = LICENSE; sourceTree = "<group>"; };
		4AE20DE91BEA77C8005E5736 /* README.rst */ = {isa = PBXFileReference; fileEncoding = 4; lastKnownFileType = text; path = README.rst; sourceTree = "<group>"; };
		4AE20E281BEA7C3E005E5736 /* libWebRTC-8444-arm-intel-Release.a */ = {isa = PBXFileReference; lastKnownFileType = archive.ar; name = "libWebRTC-8444-arm-intel-Release.a"; path = "Vendor/libjingle_peerconnection/libWebRTC-8444-arm-intel-Release.a"; sourceTree = SOURCE_ROOT; };
		4AF48D441BEBC467004E4AD2 /* KurentoToolboxTests.xctest */ = {isa = PBXFileReference; explicitFileType = wrapper.cfbundle; includeInIndex = 0; path = KurentoToolboxTests.xctest; sourceTree = BUILT_PRODUCTS_DIR; };
		4AF48D4F1BECBE10004E4AD2 /* Info.plist */ = {isa = PBXFileReference; fileEncoding = 4; lastKnownFileType = text.plist.xml; name = Info.plist; path = Tests/Info.plist; sourceTree = SOURCE_ROOT; };
		4AF48D501BECBE10004E4AD2 /* KurentoToolboxTests.m */ = {isa = PBXFileReference; fileEncoding = 4; lastKnownFileType = sourcecode.c.objc; name = KurentoToolboxTests.m; path = Tests/KurentoToolboxTests.m; sourceTree = SOURCE_ROOT; };
		4BA9F1AADA03D8D18D110C09 /* Pods-KurentoToolbox.release.xcconfig */ = {isa = PBXFileReference; includeInIndex = 1; lastKnownFileType = text.xcconfig; name = "Pods-KurentoToolbox.release.xcconfig"; path = "Pods/Target Support Files/Pods-KurentoToolbox/Pods-KurentoToolbox.release.xcconfig"; sourceTree = "<group>"; };
		681A76F55A57A32C9616B23F /* Pods-KurentoToolbox.debug.xcconfig */ = {isa = PBXFileReference; includeInIndex = 1; lastKnownFileType = text.xcconfig; name = "Pods-KurentoToolbox.debug.xcconfig"; path = "Pods/Target Support Files/Pods-KurentoToolbox/Pods-KurentoToolbox.debug.xcconfig"; sourceTree = "<group>"; };
		8F87FEFCFFC4293E6CE69FAF /* Pods-KurentoToolboxTests.release.xcconfig */ = {isa = PBXFileReference; includeInIndex = 1; lastKnownFileType = text.xcconfig; name = "Pods-KurentoToolboxTests.release.xcconfig"; path = "Pods/Target Support Files/Pods-KurentoToolboxTests/Pods-KurentoToolboxTests.release.xcconfig"; sourceTree = "<group>"; };
		9EC62D5BF0803F25CA18D647 /* libPods-KurentoToolbox.a */ = {isa = PBXFileReference; explicitFileType = archive.ar; includeInIndex = 0; path = "libPods-KurentoToolbox.a"; sourceTree = BUILT_PRODUCTS_DIR; };
		D9E1E7060D742F7B991CD1A3 /* Pods-KurentoToolboxTests.debug.xcconfig */ = {isa = PBXFileReference; includeInIndex = 1; lastKnownFileType = text.xcconfig; name = "Pods-KurentoToolboxTests.debug.xcconfig"; path = "Pods/Target Support Files/Pods-KurentoToolboxTests/Pods-KurentoToolboxTests.debug.xcconfig"; sourceTree = "<group>"; };
		E7B1A4AC0FB19B9BB097CE73 /* libPods-KurentoToolboxTests.a */ = {isa = PBXFileReference; explicitFileType = archive.ar; includeInIndex = 0; path = "libPods-KurentoToolboxTests.a"; sourceTree = BUILT_PRODUCTS_DIR; };
/* End PBXFileReference section */

/* Begin PBXFrameworksBuildPhase section */
		4A46BC1D1BE3DF79009E0FBE /* Frameworks */ = {
			isa = PBXFrameworksBuildPhase;
			buildActionMask = 2147483647;
			files = (
				DD1B525D285C89CA84A72449 /* libPods-KurentoToolbox.a in Frameworks */,
			);
			runOnlyForDeploymentPostprocessing = 0;
		};
		4AF48D411BEBC467004E4AD2 /* Frameworks */ = {
			isa = PBXFrameworksBuildPhase;
			buildActionMask = 2147483647;
			files = (
				4AF48D491BEBC468004E4AD2 /* KurentoToolbox.framework in Frameworks */,
				150BC69D1F89499958CF1025 /* libPods-KurentoToolboxTests.a in Frameworks */,
			);
			runOnlyForDeploymentPostprocessing = 0;
		};
/* End PBXFrameworksBuildPhase section */

/* Begin PBXGroup section */
		30405995BEC91363E1A2AB73 /* Pods */ = {
			isa = PBXGroup;
			children = (
				681A76F55A57A32C9616B23F /* Pods-KurentoToolbox.debug.xcconfig */,
				4BA9F1AADA03D8D18D110C09 /* Pods-KurentoToolbox.release.xcconfig */,
				D9E1E7060D742F7B991CD1A3 /* Pods-KurentoToolboxTests.debug.xcconfig */,
				8F87FEFCFFC4293E6CE69FAF /* Pods-KurentoToolboxTests.release.xcconfig */,
			);
			name = Pods;
			sourceTree = "<group>";
		};
		4A133A4E1BE11CFB0095B168 /* Utils */ = {
			isa = PBXGroup;
			children = (
				4A5AA5631BD640FB00FCA44D /* NBMLog.h */,
				4A95CF361BB05A7500F46A0D /* NBMUtilities.h */,
				4A95CF371BB05A7500F46A0D /* NBMUtilities.m */,
			);
			name = Utils;
			sourceTree = "<group>";
		};
		4A46BC181BE3DF24009E0FBE /* Configurations */ = {
			isa = PBXGroup;
			children = (
				4A46BC1B1BE3DF61009E0FBE /* Kurento-Project.xcconfig */,
				4A46BC191BE3DF61009E0FBE /* Kurento-Library.xcconfig */,
				4A46BC511BE3E691009E0FBE /* Kurento-Library-Debug.xcconfig */,
				4A46BC521BE3E6A9009E0FBE /* Kurento-Library-Release.xcconfig */,
			);
			name = Configurations;
			path = Classes;
			sourceTree = "<group>";
		};
		4A4884871BAC39A30093D90D = {
			isa = PBXGroup;
			children = (
				4A4884931BAC39A30093D90D /* Kurento */,
				4AF48D451BEBC467004E4AD2 /* Tests */,
				4A4884921BAC39A30093D90D /* Products */,
				30405995BEC91363E1A2AB73 /* Pods */,
				57E6D7257CD8864A20150082 /* Frameworks */,
				4A46BC181BE3DF24009E0FBE /* Configurations */,
				4AE20CE31BEA6D6B005E5736 /* Vendor */,
			);
			sourceTree = "<group>";
		};
		4A4884921BAC39A30093D90D /* Products */ = {
			isa = PBXGroup;
			children = (
				4A46BC211BE3DF79009E0FBE /* KurentoToolbox.framework */,
				4AF48D441BEBC467004E4AD2 /* KurentoToolboxTests.xctest */,
			);
			name = Products;
			sourceTree = "<group>";
		};
		4A4884931BAC39A30093D90D /* Kurento */ = {
			isa = PBXGroup;
			children = (
				4A133A4F1BE1204A0095B168 /* Kurento.h */,
				4ACB2CD11BE92C2B00E8E017 /* NBMSessionDescriptionFactory.h */,
				4ACB2CD01BE92C2B00E8E017 /* NBMSessionDescriptionFactory.m */,
				4AA551691BDF7D0B002152AB /* NBMPeerConnection.h */,
				4AA5516A1BDF7D0B002152AB /* NBMPeerConnection.m */,
				4AD6003F1BB43E01003124FD /* NBMWebRTCPeer.h */,
				4AD600401BB43E01003124FD /* NBMWebRTCPeer.m */,
				4AA5516E1BDF926C002152AB /* JSON-RPC */,
				4A133A4E1BE11CFB0095B168 /* Utils */,
				4ACB2C751BE929D600E8E017 /* libjingle_peerconnection headers */,
				4A4D6F881BAC403A001DB874 /* Supporting Files */,
			);
			name = Kurento;
			path = Classes;
			sourceTree = "<group>";
		};
		4A4D6F881BAC403A001DB874 /* Supporting Files */ = {
			isa = PBXGroup;
			children = (
				4A4D6F851BAC3EF9001DB874 /* KurentoToolbox.h */,
				4AA551731BDFD8E2002152AB /* Kurento-Prefix.pch */,
				4A4D6F841BAC3EF9001DB874 /* Info.plist */,
			);
			name = "Supporting Files";
			path = ../Framework;
			sourceTree = "<group>";
		};
		4AA5516E1BDF926C002152AB /* JSON-RPC */ = {
			isa = PBXGroup;
			children = (
				4AD600321BB3F765003124FD /* Message */,
				4A7113871BD4F196003AEF5C /* NBMJSONRPCClient.h */,
				4A7113881BD4F196003AEF5C /* NBMJSONRPCClient.m */,
				4AA551651BDB9B8E002152AB /* NBMTimeoutable.h */,
				4AA551661BDB9B8E002152AB /* NBMTimeoutable.m */,
				4A71138B1BD51BEC003AEF5C /* NBMTransportChannel.h */,
				4A71138C1BD51BEC003AEF5C /* NBMTransportChannel.m */,
			);
			name = "JSON-RPC";
			sourceTree = "<group>";
		};
		4ACB2C751BE929D600E8E017 /* libjingle_peerconnection headers */ = {
			isa = PBXGroup;
			children = (
				4ACB2C761BE929D600E8E017 /* RTCAudioSource.h */,
				4ACB2C771BE929D600E8E017 /* RTCAudioTrack.h */,
				4ACB2C781BE929D600E8E017 /* RTCAVFoundationVideoSource.h */,
				4ACB2C791BE929D600E8E017 /* RTCDataChannel.h */,
				4ACB2C7A1BE929D600E8E017 /* RTCEAGLVideoView.h */,
				4ACB2C7B1BE929D600E8E017 /* RTCFileLogger.h */,
				4ACB2C7C1BE929D600E8E017 /* RTCI420Frame.h */,
				4ACB2C7D1BE929D600E8E017 /* RTCICECandidate.h */,
				4ACB2C7E1BE929D600E8E017 /* RTCICEServer.h */,
				4ACB2C7F1BE929D600E8E017 /* RTCLogging.h */,
				4ACB2C801BE929D600E8E017 /* RTCMediaConstraints.h */,
				4ACB2C811BE929D600E8E017 /* RTCMediaSource.h */,
				4ACB2C821BE929D600E8E017 /* RTCMediaStream.h */,
				4ACB2C831BE929D600E8E017 /* RTCMediaStreamTrack.h */,
				4ACB2C841BE929D600E8E017 /* RTCNSGLVideoView.h */,
				4ACB2C851BE929D600E8E017 /* RTCOpenGLVideoRenderer.h */,
				4ACB2C861BE929D600E8E017 /* RTCPair.h */,
				4ACB2C871BE929D600E8E017 /* RTCPeerConnection.h */,
				4ACB2C881BE929D600E8E017 /* RTCPeerConnectionDelegate.h */,
				4ACB2C891BE929D600E8E017 /* RTCPeerConnectionFactory.h */,
				4ACB2C8A1BE929D600E8E017 /* RTCPeerConnectionInterface.h */,
				4ACB2C8B1BE929D600E8E017 /* RTCSessionDescription.h */,
				4ACB2C8C1BE929D600E8E017 /* RTCSessionDescriptionDelegate.h */,
				4ACB2C8D1BE929D600E8E017 /* RTCStatsDelegate.h */,
				4ACB2C8E1BE929D600E8E017 /* RTCStatsReport.h */,
				4ACB2C8F1BE929D600E8E017 /* RTCTypes.h */,
				4ACB2C901BE929D600E8E017 /* RTCVideoCapturer.h */,
				4ACB2C911BE929D600E8E017 /* RTCVideoRenderer.h */,
				4ACB2C921BE929D600E8E017 /* RTCVideoSource.h */,
				4ACB2C931BE929D600E8E017 /* RTCVideoTrack.h */,
			);
			name = "libjingle_peerconnection headers";
			path = ../Pods/Headers/Public/libjingle_peerconnection;
			sourceTree = "<group>";
		};
		4AD600321BB3F765003124FD /* Message */ = {
			isa = PBXGroup;
			children = (
				4A0C9E891BD8DFCE00F4F7F0 /* NBMJSONRPCConstants.h */,
				4AD6002E1BB3F54B003124FD /* NBMMessage.h */,
				4A5AA56F1BD6659900FCA44D /* NBMRequest+Private.h */,
				4AD600331BB3F79D003124FD /* NBMRequest.h */,
				4AD600341BB3F79D003124FD /* NBMRequest.m */,
				4A5AA56B1BD6536300FCA44D /* NBMResponse+Private.h */,
				4AD600371BB3FDA6003124FD /* NBMResponse.h */,
				4AD600381BB3FDA6003124FD /* NBMResponse.m */,
			);
			name = Message;
			sourceTree = "<group>";
		};
		4AE20CE31BEA6D6B005E5736 /* Vendor */ = {
			isa = PBXGroup;
			children = (
				4AE20DA51BEA77C7005E5736 /* CocoaLumberjack */,
				4AE20DC31BEA77C7005E5736 /* libjingle_peerconnection */,
				4AE20DE41BEA77C8005E5736 /* SocketRocket */,
			);
			name = Vendor;
			path = Classes;
			sourceTree = "<group>";
		};
		4AE20DA51BEA77C7005E5736 /* CocoaLumberjack */ = {
			isa = PBXGroup;
			children = (
				4AE20DA61BEA77C7005E5736 /* Headers */,
				4AE20DC01BEA77C7005E5736 /* libCocoaLumberjack.a */,
				4AE20DC11BEA77C7005E5736 /* LICENSE.txt */,
				4AE20DC21BEA77C7005E5736 /* README.md */,
			);
			name = CocoaLumberjack;
			path = Vendor/CocoaLumberjack;
			sourceTree = SOURCE_ROOT;
		};
		4AE20DA61BEA77C7005E5736 /* Headers */ = {
			isa = PBXGroup;
			children = (
				4AE20DA71BEA77C7005E5736 /* CocoaLumberjack.h */,
				4AE20DA91BEA77C7005E5736 /* DDAbstractDatabaseLogger.h */,
				4AE20DAB1BEA77C7005E5736 /* DDASLLogCapture.h */,
				4AE20DAD1BEA77C7005E5736 /* DDASLLogger.h */,
				4AE20DAF1BEA77C7005E5736 /* DDAssertMacros.h */,
				4AE20DB01BEA77C7005E5736 /* DDFileLogger.h */,
				4AE20DB21BEA77C7005E5736 /* DDLegacyMacros.h */,
				4AE20DB31BEA77C7005E5736 /* DDLog+LOGV.h */,
				4AE20DB41BEA77C7005E5736 /* DDLog.h */,
				4AE20DB61BEA77C7005E5736 /* DDLogMacros.h */,
				4AE20DB71BEA77C7005E5736 /* DDTTYLogger.h */,
				4AE20DB91BEA77C7005E5736 /* Extensions */,
			);
			path = Headers;
			sourceTree = "<group>";
		};
		4AE20DB91BEA77C7005E5736 /* Extensions */ = {
			isa = PBXGroup;
			children = (
				4AE20DBA1BEA77C7005E5736 /* DDContextFilterLogFormatter.h */,
				4AE20DBC1BEA77C7005E5736 /* DDDispatchQueueLogFormatter.h */,
				4AE20DBE1BEA77C7005E5736 /* DDMultiFormatter.h */,
			);
			path = Extensions;
			sourceTree = "<group>";
		};
		4AE20DC31BEA77C7005E5736 /* libjingle_peerconnection */ = {
			isa = PBXGroup;
			children = (
				4AE20E281BEA7C3E005E5736 /* libWebRTC-8444-arm-intel-Release.a */,
				4AE20DC41BEA77C7005E5736 /* Headers */,
			);
			name = libjingle_peerconnection;
			path = Vendor/libjingle_peerconnection;
			sourceTree = SOURCE_ROOT;
		};
		4AE20DC41BEA77C7005E5736 /* Headers */ = {
			isa = PBXGroup;
			children = (
				4AE20DC51BEA77C7005E5736 /* RTCAudioSource.h */,
				4AE20DC61BEA77C7005E5736 /* RTCAudioTrack.h */,
				4AE20DC71BEA77C7005E5736 /* RTCAVFoundationVideoSource.h */,
				4AE20DC81BEA77C7005E5736 /* RTCDataChannel.h */,
				4AE20DC91BEA77C7005E5736 /* RTCEAGLVideoView.h */,
				4AE20DCA1BEA77C7005E5736 /* RTCFileLogger.h */,
				4AE20DCB1BEA77C7005E5736 /* RTCI420Frame.h */,
				4AE20DCC1BEA77C7005E5736 /* RTCICECandidate.h */,
				4AE20DCD1BEA77C7005E5736 /* RTCICEServer.h */,
				4AE20DCE1BEA77C7005E5736 /* RTCLogging.h */,
				4AE20DCF1BEA77C7005E5736 /* RTCMediaConstraints.h */,
				4AE20DD01BEA77C7005E5736 /* RTCMediaSource.h */,
				4AE20DD11BEA77C7005E5736 /* RTCMediaStream.h */,
				4AE20DD21BEA77C7005E5736 /* RTCMediaStreamTrack.h */,
				4AE20DD31BEA77C7005E5736 /* RTCNSGLVideoView.h */,
				4AE20DD41BEA77C7005E5736 /* RTCOpenGLVideoRenderer.h */,
				4AE20DD51BEA77C7005E5736 /* RTCPair.h */,
				4AE20DD61BEA77C7005E5736 /* RTCPeerConnection.h */,
				4AE20DD71BEA77C7005E5736 /* RTCPeerConnectionDelegate.h */,
				4AE20DD81BEA77C7005E5736 /* RTCPeerConnectionFactory.h */,
				4AE20DD91BEA77C8005E5736 /* RTCPeerConnectionInterface.h */,
				4AE20DDA1BEA77C8005E5736 /* RTCSessionDescription.h */,
				4AE20DDB1BEA77C8005E5736 /* RTCSessionDescriptionDelegate.h */,
				4AE20DDC1BEA77C8005E5736 /* RTCStatsDelegate.h */,
				4AE20DDD1BEA77C8005E5736 /* RTCStatsReport.h */,
				4AE20DDE1BEA77C8005E5736 /* RTCTypes.h */,
				4AE20DDF1BEA77C8005E5736 /* RTCVideoCapturer.h */,
				4AE20DE01BEA77C8005E5736 /* RTCVideoRenderer.h */,
				4AE20DE11BEA77C8005E5736 /* RTCVideoSource.h */,
				4AE20DE21BEA77C8005E5736 /* RTCVideoTrack.h */,
			);
			path = Headers;
			sourceTree = "<group>";
		};
		4AE20DE41BEA77C8005E5736 /* SocketRocket */ = {
			isa = PBXGroup;
			children = (
				4AE20DE51BEA77C8005E5736 /* Headers */,
				4AE20DE81BEA77C8005E5736 /* LICENSE */,
				4AE20DE91BEA77C8005E5736 /* README.rst */,
			);
			name = SocketRocket;
			path = Vendor/SocketRocket;
			sourceTree = SOURCE_ROOT;
		};
		4AE20DE51BEA77C8005E5736 /* Headers */ = {
			isa = PBXGroup;
			children = (
				4AE20DE61BEA77C8005E5736 /* SRWebSocket.h */,
				4AE20DE71BEA77C8005E5736 /* SRWebSocket.m */,
			);
			path = Headers;
			sourceTree = "<group>";
		};
		4AF48D451BEBC467004E4AD2 /* Tests */ = {
			isa = PBXGroup;
			children = (
				4AF48D4F1BECBE10004E4AD2 /* Info.plist */,
				4AF48D501BECBE10004E4AD2 /* KurentoToolboxTests.m */,
			);
			name = Tests;
			path = KurentoToolboxTests;
			sourceTree = "<group>";
		};
		57E6D7257CD8864A20150082 /* Frameworks */ = {
			isa = PBXGroup;
			children = (
				9EC62D5BF0803F25CA18D647 /* libPods-KurentoToolbox.a */,
				E7B1A4AC0FB19B9BB097CE73 /* libPods-KurentoToolboxTests.a */,
			);
			name = Frameworks;
			sourceTree = "<group>";
		};
/* End PBXGroup section */

/* Begin PBXHeadersBuildPhase section */
		4A46BC1E1BE3DF79009E0FBE /* Headers */ = {
			isa = PBXHeadersBuildPhase;
			buildActionMask = 2147483647;
			files = (
				4A46BC501BE3E2E5009E0FBE /* KurentoToolbox.h in Headers */,
				4A46BC3F1BE3E2B2009E0FBE /* NBMJSONRPCConstants.h in Headers */,
				4A46BC3D1BE3E2A8009E0FBE /* NBMWebRTCPeer.h in Headers */,
				4A46BC421BE3E2BD009E0FBE /* NBMRequest.h in Headers */,
				4A46BC4E1BE3E2DF009E0FBE /* NBMUtilities.h in Headers */,
				4A46BC451BE3E2C6009E0FBE /* NBMResponse.h in Headers */,
				4A46BC401BE3E2B6009E0FBE /* NBMMessage.h in Headers */,
				4A46BC471BE3E2CD009E0FBE /* NBMJSONRPCClient.h in Headers */,
				4A46BC3B1BE3E2A1009E0FBE /* NBMPeerConnection.h in Headers */,
				4ACB2CB21BE92A5900E8E017 /* RTCAudioSource.h in Headers */,
				4ACB2CB31BE92A5900E8E017 /* RTCAudioTrack.h in Headers */,
				4ACB2CB41BE92A5900E8E017 /* RTCAVFoundationVideoSource.h in Headers */,
				4ACB2CB51BE92A5900E8E017 /* RTCDataChannel.h in Headers */,
				4ACB2CB61BE92A5900E8E017 /* RTCEAGLVideoView.h in Headers */,
				4ACB2CB71BE92A5900E8E017 /* RTCFileLogger.h in Headers */,
				4ACB2CB81BE92A5900E8E017 /* RTCI420Frame.h in Headers */,
				4ACB2CB91BE92A5900E8E017 /* RTCICECandidate.h in Headers */,
				4ACB2CBA1BE92A5900E8E017 /* RTCICEServer.h in Headers */,
				4ACB2CBB1BE92A5900E8E017 /* RTCLogging.h in Headers */,
				4ACB2CBC1BE92A5900E8E017 /* RTCMediaConstraints.h in Headers */,
				4ACB2CBD1BE92A5900E8E017 /* RTCMediaSource.h in Headers */,
				4ACB2CBE1BE92A5900E8E017 /* RTCMediaStream.h in Headers */,
				4ACB2CBF1BE92A5A00E8E017 /* RTCMediaStreamTrack.h in Headers */,
				4ACB2CC11BE92A5A00E8E017 /* RTCOpenGLVideoRenderer.h in Headers */,
				4ACB2CC21BE92A5A00E8E017 /* RTCPair.h in Headers */,
				4ACB2CC31BE92A5A00E8E017 /* RTCPeerConnection.h in Headers */,
				4ACB2CC41BE92A5A00E8E017 /* RTCPeerConnectionDelegate.h in Headers */,
				4ACB2CC51BE92A5A00E8E017 /* RTCPeerConnectionFactory.h in Headers */,
				4ACB2CC61BE92A5A00E8E017 /* RTCPeerConnectionInterface.h in Headers */,
				4ACB2CC71BE92A5A00E8E017 /* RTCSessionDescription.h in Headers */,
				4ACB2CC81BE92A5A00E8E017 /* RTCSessionDescriptionDelegate.h in Headers */,
				4ACB2CC91BE92A5A00E8E017 /* RTCStatsDelegate.h in Headers */,
				4ACB2CCA1BE92A5A00E8E017 /* RTCStatsReport.h in Headers */,
				4ACB2CD51BE92C2B00E8E017 /* NBMSessionDescriptionFactory.h in Headers */,
				4ACB2CCB1BE92A5A00E8E017 /* RTCTypes.h in Headers */,
				4ACB2CCC1BE92A5A00E8E017 /* RTCVideoCapturer.h in Headers */,
				4ACB2CCD1BE92A5A00E8E017 /* RTCVideoRenderer.h in Headers */,
				4ACB2CCE1BE92A5A00E8E017 /* RTCVideoSource.h in Headers */,
				4ACB2CCF1BE92A5A00E8E017 /* RTCVideoTrack.h in Headers */,
				4A46BC491BE3E2D3009E0FBE /* NBMTimeoutable.h in Headers */,
				4A46BC441BE3E2C3009E0FBE /* NBMResponse+Private.h in Headers */,
				4A46BC4D1BE3E2DD009E0FBE /* NBMLog.h in Headers */,
				4A46BC411BE3E2B9009E0FBE /* NBMRequest+Private.h in Headers */,
				4A46BC4B1BE3E2D8009E0FBE /* NBMTransportChannel.h in Headers */,
			);
			runOnlyForDeploymentPostprocessing = 0;
		};
/* End PBXHeadersBuildPhase section */

/* Begin PBXNativeTarget section */
		4A46BC201BE3DF79009E0FBE /* KurentoToolbox */ = {
			isa = PBXNativeTarget;
			buildConfigurationList = 4A46BC321BE3DF7A009E0FBE /* Build configuration list for PBXNativeTarget "KurentoToolbox" */;
			buildPhases = (
				8C889D90ACB6138B8984F45A /* Check Pods Manifest.lock */,
				4A46BC1C1BE3DF79009E0FBE /* Sources */,
				4A46BC1D1BE3DF79009E0FBE /* Frameworks */,
				4A46BC1E1BE3DF79009E0FBE /* Headers */,
				4A46BC1F1BE3DF79009E0FBE /* Resources */,
				A5EA0125D2941913DAC69212 /* Copy Pods Resources */,
			);
			buildRules = (
			);
			dependencies = (
			);
			name = KurentoToolbox;
			productName = KurentoToolbox;
			productReference = 4A46BC211BE3DF79009E0FBE /* KurentoToolbox.framework */;
			productType = "com.apple.product-type.framework";
		};
		4AF48D431BEBC467004E4AD2 /* KurentoToolboxTests */ = {
			isa = PBXNativeTarget;
			buildConfigurationList = 4AF48D4C1BEBC468004E4AD2 /* Build configuration list for PBXNativeTarget "KurentoToolboxTests" */;
			buildPhases = (
				58A8B1B9FF2946913240B52A /* Check Pods Manifest.lock */,
				4AF48D401BEBC467004E4AD2 /* Sources */,
				4AF48D411BEBC467004E4AD2 /* Frameworks */,
				4AF48D421BEBC467004E4AD2 /* Resources */,
				7791DE1E2DFCCD78F13AEAC5 /* Embed Pods Frameworks */,
				C1F982EFD24FD79B5D61DDFB /* Copy Pods Resources */,
			);
			buildRules = (
			);
			dependencies = (
				4AF48D4B1BEBC468004E4AD2 /* PBXTargetDependency */,
			);
			name = KurentoToolboxTests;
			productName = KurentoToolboxTests;
			productReference = 4AF48D441BEBC467004E4AD2 /* KurentoToolboxTests.xctest */;
			productType = "com.apple.product-type.bundle.unit-test";
		};
/* End PBXNativeTarget section */

/* Begin PBXProject section */
		4A4884881BAC39A30093D90D /* Project object */ = {
			isa = PBXProject;
			attributes = {
				CLASSPREFIX = NBM;
				LastUpgradeCheck = 0700;
				ORGANIZATIONNAME = "Telecom Italia S.p.A";
				TargetAttributes = {
					4A46BC201BE3DF79009E0FBE = {
						CreatedOnToolsVersion = 7.0.1;
					};
					4AF48D431BEBC467004E4AD2 = {
						CreatedOnToolsVersion = 7.1;
					};
				};
			};
			buildConfigurationList = 4A48848B1BAC39A30093D90D /* Build configuration list for PBXProject "Kurento-iOS" */;
			compatibilityVersion = "Xcode 3.2";
			developmentRegion = English;
			hasScannedForEncodings = 0;
			knownRegions = (
				en,
			);
			mainGroup = 4A4884871BAC39A30093D90D;
			productRefGroup = 4A4884921BAC39A30093D90D /* Products */;
			projectDirPath = "";
			projectRoot = "";
			targets = (
				4A46BC201BE3DF79009E0FBE /* KurentoToolbox */,
				4AF48D431BEBC467004E4AD2 /* KurentoToolboxTests */,
			);
		};
/* End PBXProject section */

/* Begin PBXResourcesBuildPhase section */
		4A46BC1F1BE3DF79009E0FBE /* Resources */ = {
			isa = PBXResourcesBuildPhase;
			buildActionMask = 2147483647;
			files = (
				4AF48D511BECBE10004E4AD2 /* Info.plist in Resources */,
			);
			runOnlyForDeploymentPostprocessing = 0;
		};
		4AF48D421BEBC467004E4AD2 /* Resources */ = {
			isa = PBXResourcesBuildPhase;
			buildActionMask = 2147483647;
			files = (
			);
			runOnlyForDeploymentPostprocessing = 0;
		};
/* End PBXResourcesBuildPhase section */

/* Begin PBXShellScriptBuildPhase section */
		58A8B1B9FF2946913240B52A /* Check Pods Manifest.lock */ = {
			isa = PBXShellScriptBuildPhase;
			buildActionMask = 2147483647;
			files = (
			);
			inputPaths = (
			);
			name = "Check Pods Manifest.lock";
			outputPaths = (
			);
			runOnlyForDeploymentPostprocessing = 0;
			shellPath = /bin/sh;
			shellScript = "diff \"${PODS_ROOT}/../Podfile.lock\" \"${PODS_ROOT}/Manifest.lock\" > /dev/null\nif [[ $? != 0 ]] ; then\n    cat << EOM\nerror: The sandbox is not in sync with the Podfile.lock. Run 'pod install' or update your CocoaPods installation.\nEOM\n    exit 1\nfi\n";
			showEnvVarsInLog = 0;
		};
		7791DE1E2DFCCD78F13AEAC5 /* Embed Pods Frameworks */ = {
			isa = PBXShellScriptBuildPhase;
			buildActionMask = 2147483647;
			files = (
			);
			inputPaths = (
			);
			name = "Embed Pods Frameworks";
			outputPaths = (
			);
			runOnlyForDeploymentPostprocessing = 0;
			shellPath = /bin/sh;
			shellScript = "\"${SRCROOT}/Pods/Target Support Files/Pods-KurentoToolboxTests/Pods-KurentoToolboxTests-frameworks.sh\"\n";
			showEnvVarsInLog = 0;
		};
		8C889D90ACB6138B8984F45A /* Check Pods Manifest.lock */ = {
			isa = PBXShellScriptBuildPhase;
			buildActionMask = 2147483647;
			files = (
			);
			inputPaths = (
			);
			name = "Check Pods Manifest.lock";
			outputPaths = (
			);
			runOnlyForDeploymentPostprocessing = 0;
			shellPath = /bin/sh;
			shellScript = "diff \"${PODS_ROOT}/../Podfile.lock\" \"${PODS_ROOT}/Manifest.lock\" > /dev/null\nif [[ $? != 0 ]] ; then\n    cat << EOM\nerror: The sandbox is not in sync with the Podfile.lock. Run 'pod install' or update your CocoaPods installation.\nEOM\n    exit 1\nfi\n";
			showEnvVarsInLog = 0;
		};
		A5EA0125D2941913DAC69212 /* Copy Pods Resources */ = {
			isa = PBXShellScriptBuildPhase;
			buildActionMask = 2147483647;
			files = (
			);
			inputPaths = (
			);
			name = "Copy Pods Resources";
			outputPaths = (
			);
			runOnlyForDeploymentPostprocessing = 0;
			shellPath = /bin/sh;
			shellScript = "\"${SRCROOT}/Pods/Target Support Files/Pods-KurentoToolbox/Pods-KurentoToolbox-resources.sh\"\n";
			showEnvVarsInLog = 0;
		};
		C1F982EFD24FD79B5D61DDFB /* Copy Pods Resources */ = {
			isa = PBXShellScriptBuildPhase;
			buildActionMask = 2147483647;
			files = (
			);
			inputPaths = (
			);
			name = "Copy Pods Resources";
			outputPaths = (
			);
			runOnlyForDeploymentPostprocessing = 0;
			shellPath = /bin/sh;
			shellScript = "\"${SRCROOT}/Pods/Target Support Files/Pods-KurentoToolboxTests/Pods-KurentoToolboxTests-resources.sh\"\n";
			showEnvVarsInLog = 0;
		};
/* End PBXShellScriptBuildPhase section */

/* Begin PBXSourcesBuildPhase section */
		4A46BC1C1BE3DF79009E0FBE /* Sources */ = {
			isa = PBXSourcesBuildPhase;
			buildActionMask = 2147483647;
			files = (
				4A46BC3E1BE3E2AC009E0FBE /* NBMWebRTCPeer.m in Sources */,
				4A46BC431BE3E2C1009E0FBE /* NBMRequest.m in Sources */,
				4A46BC481BE3E2D1009E0FBE /* NBMJSONRPCClient.m in Sources */,
				4A46BC4C1BE3E2DA009E0FBE /* NBMTransportChannel.m in Sources */,
				4A46BC4F1BE3E2E1009E0FBE /* NBMUtilities.m in Sources */,
				4A46BC4A1BE3E2D6009E0FBE /* NBMTimeoutable.m in Sources */,
				4A46BC3C1BE3E2A5009E0FBE /* NBMPeerConnection.m in Sources */,
				4A46BC461BE3E2CA009E0FBE /* NBMResponse.m in Sources */,
				4AF48D521BECBE10004E4AD2 /* KurentoToolboxTests.m in Sources */,
				4ACB2CD31BE92C2B00E8E017 /* NBMSessionDescriptionFactory.m in Sources */,
			);
			runOnlyForDeploymentPostprocessing = 0;
		};
		4AF48D401BEBC467004E4AD2 /* Sources */ = {
			isa = PBXSourcesBuildPhase;
			buildActionMask = 2147483647;
			files = (
			);
			runOnlyForDeploymentPostprocessing = 0;
		};
/* End PBXSourcesBuildPhase section */

/* Begin PBXTargetDependency section */
		4AF48D4B1BEBC468004E4AD2 /* PBXTargetDependency */ = {
			isa = PBXTargetDependency;
			target = 4A46BC201BE3DF79009E0FBE /* KurentoToolbox */;
			targetProxy = 4AF48D4A1BEBC468004E4AD2 /* PBXContainerItemProxy */;
		};
/* End PBXTargetDependency section */

/* Begin XCBuildConfiguration section */
		4A46BC331BE3DF7A009E0FBE /* Debug */ = {
			isa = XCBuildConfiguration;
			baseConfigurationReference = 4A46BC511BE3E691009E0FBE /* Kurento-Library-Debug.xcconfig */;
			buildSettings = {
				DEFINES_MODULE = YES;
				GCC_PREFIX_HEADER = "$(SRCROOT)/Framework/Kurento-Prefix.pch";
				SKIP_INSTALL = YES;
			};
			name = Debug;
		};
		4A46BC341BE3DF7A009E0FBE /* Release */ = {
			isa = XCBuildConfiguration;
			baseConfigurationReference = 4A46BC521BE3E6A9009E0FBE /* Kurento-Library-Release.xcconfig */;
			buildSettings = {
				DEFINES_MODULE = YES;
				GCC_PREFIX_HEADER = "$(SRCROOT)/Framework/Kurento-Prefix.pch";
				SKIP_INSTALL = YES;
			};
			name = Release;
		};
		4A4884A31BAC39A40093D90D /* Debug */ = {
			isa = XCBuildConfiguration;
			baseConfigurationReference = 4A46BC1B1BE3DF61009E0FBE /* Kurento-Project.xcconfig */;
			buildSettings = {
				ALWAYS_SEARCH_USER_PATHS = NO;
				CLANG_CXX_LANGUAGE_STANDARD = "gnu++0x";
				CLANG_CXX_LIBRARY = "libc++";
				CLANG_ENABLE_MODULES = YES;
				CLANG_ENABLE_OBJC_ARC = YES;
				CLANG_WARN_BOOL_CONVERSION = YES;
				CLANG_WARN_CONSTANT_CONVERSION = YES;
				CLANG_WARN_DIRECT_OBJC_ISA_USAGE = YES_ERROR;
				CLANG_WARN_EMPTY_BODY = YES;
				CLANG_WARN_ENUM_CONVERSION = YES;
				CLANG_WARN_INT_CONVERSION = YES;
				CLANG_WARN_OBJC_ROOT_CLASS = YES_ERROR;
				CLANG_WARN_UNREACHABLE_CODE = YES;
				CLANG_WARN__DUPLICATE_METHOD_MATCH = YES;
				CURRENT_PROJECT_VERSION = 1;
				DEBUG_INFORMATION_FORMAT = dwarf;
				ENABLE_STRICT_OBJC_MSGSEND = YES;
				ENABLE_TESTABILITY = YES;
				GCC_C_LANGUAGE_STANDARD = gnu99;
				GCC_DYNAMIC_NO_PIC = NO;
				GCC_NO_COMMON_BLOCKS = YES;
				GCC_OPTIMIZATION_LEVEL = 0;
				GCC_PREPROCESSOR_DEFINITIONS = (
					"DEBUG=1",
					"$(inherited)",
				);
				GCC_WARN_64_TO_32_BIT_CONVERSION = YES;
				GCC_WARN_ABOUT_RETURN_TYPE = YES_ERROR;
				GCC_WARN_UNDECLARED_SELECTOR = YES;
				GCC_WARN_UNINITIALIZED_AUTOS = YES_AGGRESSIVE;
				GCC_WARN_UNUSED_FUNCTION = YES;
				GCC_WARN_UNUSED_VARIABLE = YES;
				IPHONEOS_DEPLOYMENT_TARGET = 8.0;
				MTL_ENABLE_DEBUG_INFO = YES;
				ONLY_ACTIVE_ARCH = YES;
				SDKROOT = iphoneos;
				TARGETED_DEVICE_FAMILY = "1,2";
				VERSIONING_SYSTEM = "apple-generic";
			};
			name = Debug;
		};
		4A4884A41BAC39A40093D90D /* Release */ = {
			isa = XCBuildConfiguration;
			baseConfigurationReference = 4A46BC1B1BE3DF61009E0FBE /* Kurento-Project.xcconfig */;
			buildSettings = {
				ALWAYS_SEARCH_USER_PATHS = NO;
				CLANG_CXX_LANGUAGE_STANDARD = "gnu++0x";
				CLANG_CXX_LIBRARY = "libc++";
				CLANG_ENABLE_MODULES = YES;
				CLANG_ENABLE_OBJC_ARC = YES;
				CLANG_WARN_BOOL_CONVERSION = YES;
				CLANG_WARN_CONSTANT_CONVERSION = YES;
				CLANG_WARN_DIRECT_OBJC_ISA_USAGE = YES_ERROR;
				CLANG_WARN_EMPTY_BODY = YES;
				CLANG_WARN_ENUM_CONVERSION = YES;
				CLANG_WARN_INT_CONVERSION = YES;
				CLANG_WARN_OBJC_ROOT_CLASS = YES_ERROR;
				CLANG_WARN_UNREACHABLE_CODE = YES;
				CLANG_WARN__DUPLICATE_METHOD_MATCH = YES;
				CURRENT_PROJECT_VERSION = 1;
				DEBUG_INFORMATION_FORMAT = "dwarf-with-dsym";
				ENABLE_NS_ASSERTIONS = NO;
				ENABLE_STRICT_OBJC_MSGSEND = YES;
				GCC_C_LANGUAGE_STANDARD = gnu99;
				GCC_NO_COMMON_BLOCKS = YES;
				GCC_WARN_64_TO_32_BIT_CONVERSION = YES;
				GCC_WARN_ABOUT_RETURN_TYPE = YES_ERROR;
				GCC_WARN_UNDECLARED_SELECTOR = YES;
				GCC_WARN_UNINITIALIZED_AUTOS = YES_AGGRESSIVE;
				GCC_WARN_UNUSED_FUNCTION = YES;
				GCC_WARN_UNUSED_VARIABLE = YES;
				IPHONEOS_DEPLOYMENT_TARGET = 8.0;
				MTL_ENABLE_DEBUG_INFO = NO;
				SDKROOT = iphoneos;
				TARGETED_DEVICE_FAMILY = "1,2";
				VALIDATE_PRODUCT = YES;
				VERSIONING_SYSTEM = "apple-generic";
			};
			name = Release;
		};
		4AF48D4D1BEBC468004E4AD2 /* Debug */ = {
			isa = XCBuildConfiguration;
			baseConfigurationReference = D9E1E7060D742F7B991CD1A3 /* Pods-KurentoToolboxTests.debug.xcconfig */;
			buildSettings = {
				"CODE_SIGN_IDENTITY[sdk=iphoneos*]" = "iPhone Developer";
				COPY_PHASE_STRIP = NO;
				INFOPLIST_FILE = KurentoToolboxTests/Info.plist;
				IPHONEOS_DEPLOYMENT_TARGET = 9.1;
				LD_RUNPATH_SEARCH_PATHS = "$(inherited) @executable_path/Frameworks @loader_path/Frameworks";
				PRODUCT_BUNDLE_IDENTIFIER = mr.KurentoToolboxTests;
				PRODUCT_NAME = "$(TARGET_NAME)";
			};
			name = Debug;
		};
		4AF48D4E1BEBC468004E4AD2 /* Release */ = {
			isa = XCBuildConfiguration;
			baseConfigurationReference = 8F87FEFCFFC4293E6CE69FAF /* Pods-KurentoToolboxTests.release.xcconfig */;
			buildSettings = {
				"CODE_SIGN_IDENTITY[sdk=iphoneos*]" = "iPhone Developer";
				COPY_PHASE_STRIP = NO;
				INFOPLIST_FILE = KurentoToolboxTests/Info.plist;
				IPHONEOS_DEPLOYMENT_TARGET = 9.1;
				LD_RUNPATH_SEARCH_PATHS = "$(inherited) @executable_path/Frameworks @loader_path/Frameworks";
				PRODUCT_BUNDLE_IDENTIFIER = mr.KurentoToolboxTests;
				PRODUCT_NAME = "$(TARGET_NAME)";
			};
			name = Release;
		};
/* End XCBuildConfiguration section */

/* Begin XCConfigurationList section */
		4A46BC321BE3DF7A009E0FBE /* Build configuration list for PBXNativeTarget "KurentoToolbox" */ = {
			isa = XCConfigurationList;
			buildConfigurations = (
				4A46BC331BE3DF7A009E0FBE /* Debug */,
				4A46BC341BE3DF7A009E0FBE /* Release */,
			);
			defaultConfigurationIsVisible = 0;
			defaultConfigurationName = Release;
		};
		4A48848B1BAC39A30093D90D /* Build configuration list for PBXProject "Kurento-iOS" */ = {
			isa = XCConfigurationList;
			buildConfigurations = (
				4A4884A31BAC39A40093D90D /* Debug */,
				4A4884A41BAC39A40093D90D /* Release */,
			);
			defaultConfigurationIsVisible = 0;
			defaultConfigurationName = Release;
		};
		4AF48D4C1BEBC468004E4AD2 /* Build configuration list for PBXNativeTarget "KurentoToolboxTests" */ = {
			isa = XCConfigurationList;
			buildConfigurations = (
				4AF48D4D1BEBC468004E4AD2 /* Debug */,
				4AF48D4E1BEBC468004E4AD2 /* Release */,
			);
			defaultConfigurationIsVisible = 0;
			defaultConfigurationName = Release;
		};
/* End XCConfigurationList section */
	};
	rootObject = 4A4884881BAC39A30093D90D /* Project object */;
}
